// !$*UTF8*$!
{
	archiveVersion = 1;
	classes = {
	};
	objectVersion = 46;
	objects = {

/* Begin PBXBuildFile section */
		6D685922C0536B07E12B1D1A /* Pods_PointRun.framework in Frameworks */ = {isa = PBXBuildFile; fileRef = DF86D96A7DC0268CD5A666CD /* Pods_PointRun.framework */; };
		EB2740B21F2EB21A001EE4CF /* Launch Screen.storyboard in Resources */ = {isa = PBXBuildFile; fileRef = EB2740B11F2EB21A001EE4CF /* Launch Screen.storyboard */; };
		EB31FF7F1F2EB99100D1149C /* GamemodeButton.swift in Sources */ = {isa = PBXBuildFile; fileRef = EB31FF7E1F2EB99100D1149C /* GamemodeButton.swift */; };
		EB31FF811F2EBA5000D1149C /* Colors.swift in Sources */ = {isa = PBXBuildFile; fileRef = EB31FF801F2EBA5000D1149C /* Colors.swift */; };
		EB3E3B2919A58F3A00A768DD /* Common.swift in Sources */ = {isa = PBXBuildFile; fileRef = EB3E3B2819A58F3A00A768DD /* Common.swift */; };
		EB3E3BBF19A58F4500A768DD /* GameViewController.swift in Sources */ = {isa = PBXBuildFile; fileRef = EB3E3B7819A58F4500A768DD /* GameViewController.swift */; };
		EB3E3BC019A58F4500A768DD /* MenuView.swift in Sources */ = {isa = PBXBuildFile; fileRef = EB3E3B7919A58F4500A768DD /* MenuView.swift */; };
		EB3E3BC119A58F4500A768DD /* MenuViewController.swift in Sources */ = {isa = PBXBuildFile; fileRef = EB3E3B7A19A58F4500A768DD /* MenuViewController.swift */; };
		EB426F6D1F2ECDA800CCE13E /* NavigationBar.swift in Sources */ = {isa = PBXBuildFile; fileRef = EB426F6C1F2ECDA800CCE13E /* NavigationBar.swift */; };
		EB426F6F1F2ED40100CCE13E /* Button.swift in Sources */ = {isa = PBXBuildFile; fileRef = EB426F6E1F2ED40100CCE13E /* Button.swift */; };
		EB426F731F2EEC6900CCE13E /* AlertViewController.swift in Sources */ = {isa = PBXBuildFile; fileRef = EB426F721F2EEC6900CCE13E /* AlertViewController.swift */; };
		EB67142F19D46BD700E0EF63 /* MultiplayerViewController.swift in Sources */ = {isa = PBXBuildFile; fileRef = EB67142E19D46BD700E0EF63 /* MultiplayerViewController.swift */; };
		EB67508B19A58DE4007D8EA1 /* AppDelegate.swift in Sources */ = {isa = PBXBuildFile; fileRef = EB67508A19A58DE4007D8EA1 /* AppDelegate.swift */; };
		EB67509019A58DE4007D8EA1 /* Main.storyboard in Resources */ = {isa = PBXBuildFile; fileRef = EB67508E19A58DE4007D8EA1 /* Main.storyboard */; };
		EB67509219A58DE4007D8EA1 /* Images.xcassets in Resources */ = {isa = PBXBuildFile; fileRef = EB67509119A58DE4007D8EA1 /* Images.xcassets */; };
		EB67509E19A58DE4007D8EA1 /* PointRunTests.swift in Sources */ = {isa = PBXBuildFile; fileRef = EB67509D19A58DE4007D8EA1 /* PointRunTests.swift */; };
		EB991F5919DB5FE800ECF07A /* Achievement.swift in Sources */ = {isa = PBXBuildFile; fileRef = EB991F5819DB5FE800ECF07A /* Achievement.swift */; };
		EBA113BB1A64868900B781E0 /* Extensions.swift in Sources */ = {isa = PBXBuildFile; fileRef = EBA113BA1A64868900B781E0 /* Extensions.swift */; };
		EBBD3F1D1F2EC1210008772D /* Gamemode.swift in Sources */ = {isa = PBXBuildFile; fileRef = EBBD3F1C1F2EC1210008772D /* Gamemode.swift */; };
		EBBD3F1F1F2EC78F0008772D /* PlayerNumberButton.swift in Sources */ = {isa = PBXBuildFile; fileRef = EBBD3F1E1F2EC78F0008772D /* PlayerNumberButton.swift */; };
		EBCEC8FF19D39E67005E301B /* Communication.swift in Sources */ = {isa = PBXBuildFile; fileRef = EBCEC8FE19D39E67005E301B /* Communication.swift */; };
		EBCEC90119D3A9C4005E301B /* Player.swift in Sources */ = {isa = PBXBuildFile; fileRef = EBCEC90019D3A9C4005E301B /* Player.swift */; };
/* End PBXBuildFile section */

/* Begin PBXContainerItemProxy section */
		EB67509819A58DE4007D8EA1 /* PBXContainerItemProxy */ = {
			isa = PBXContainerItemProxy;
			containerPortal = EB67507D19A58DE4007D8EA1 /* Project object */;
			proxyType = 1;
			remoteGlobalIDString = EB67508419A58DE4007D8EA1;
			remoteInfo = PointRun;
		};
/* End PBXContainerItemProxy section */

/* Begin PBXFileReference section */
		5A11DF55970D4505856AF347 /* Pods-PointRun.debug.xcconfig */ = {isa = PBXFileReference; includeInIndex = 1; lastKnownFileType = text.xcconfig; name = "Pods-PointRun.debug.xcconfig"; path = "Pods/Target Support Files/Pods-PointRun/Pods-PointRun.debug.xcconfig"; sourceTree = "<group>"; };
		69B0B965AE1F0220B6263C40 /* Pods.framework */ = {isa = PBXFileReference; explicitFileType = wrapper.framework; includeInIndex = 0; path = Pods.framework; sourceTree = BUILT_PRODUCTS_DIR; };
		D247E1540296A0A555F8E8D8 /* Pods-PointRun.release.xcconfig */ = {isa = PBXFileReference; includeInIndex = 1; lastKnownFileType = text.xcconfig; name = "Pods-PointRun.release.xcconfig"; path = "Pods/Target Support Files/Pods-PointRun/Pods-PointRun.release.xcconfig"; sourceTree = "<group>"; };
		DF86D96A7DC0268CD5A666CD /* Pods_PointRun.framework */ = {isa = PBXFileReference; explicitFileType = wrapper.framework; includeInIndex = 0; path = Pods_PointRun.framework; sourceTree = BUILT_PRODUCTS_DIR; };
		EB2740B11F2EB21A001EE4CF /* Launch Screen.storyboard */ = {isa = PBXFileReference; fileEncoding = 4; lastKnownFileType = file.storyboard; path = "Launch Screen.storyboard"; sourceTree = "<group>"; };
		EB31FF7E1F2EB99100D1149C /* GamemodeButton.swift */ = {isa = PBXFileReference; fileEncoding = 4; lastKnownFileType = sourcecode.swift; path = GamemodeButton.swift; sourceTree = "<group>"; };
		EB31FF801F2EBA5000D1149C /* Colors.swift */ = {isa = PBXFileReference; fileEncoding = 4; lastKnownFileType = sourcecode.swift; path = Colors.swift; sourceTree = "<group>"; };
		EB3E3B2819A58F3A00A768DD /* Common.swift */ = {isa = PBXFileReference; fileEncoding = 4; lastKnownFileType = sourcecode.swift; path = Common.swift; sourceTree = "<group>"; };
		EB3E3B7819A58F4500A768DD /* GameViewController.swift */ = {isa = PBXFileReference; fileEncoding = 4; lastKnownFileType = sourcecode.swift; path = GameViewController.swift; sourceTree = "<group>"; };
		EB3E3B7919A58F4500A768DD /* MenuView.swift */ = {isa = PBXFileReference; fileEncoding = 4; lastKnownFileType = sourcecode.swift; path = MenuView.swift; sourceTree = "<group>"; };
		EB3E3B7A19A58F4500A768DD /* MenuViewController.swift */ = {isa = PBXFileReference; fileEncoding = 4; lastKnownFileType = sourcecode.swift; path = MenuViewController.swift; sourceTree = "<group>"; };
		EB426F6C1F2ECDA800CCE13E /* NavigationBar.swift */ = {isa = PBXFileReference; fileEncoding = 4; lastKnownFileType = sourcecode.swift; path = NavigationBar.swift; sourceTree = "<group>"; };
		EB426F6E1F2ED40100CCE13E /* Button.swift */ = {isa = PBXFileReference; fileEncoding = 4; lastKnownFileType = sourcecode.swift; path = Button.swift; sourceTree = "<group>"; };
		EB426F721F2EEC6900CCE13E /* AlertViewController.swift */ = {isa = PBXFileReference; fileEncoding = 4; lastKnownFileType = sourcecode.swift; path = AlertViewController.swift; sourceTree = "<group>"; };
		EB65D51919D6FCF300196D77 /* GameKit.framework */ = {isa = PBXFileReference; lastKnownFileType = wrapper.framework; name = GameKit.framework; path = System/Library/Frameworks/GameKit.framework; sourceTree = SDKROOT; };
		EB67142E19D46BD700E0EF63 /* MultiplayerViewController.swift */ = {isa = PBXFileReference; fileEncoding = 4; lastKnownFileType = sourcecode.swift; path = MultiplayerViewController.swift; sourceTree = "<group>"; };
		EB67508519A58DE4007D8EA1 /* PointRun.app */ = {isa = PBXFileReference; explicitFileType = wrapper.application; includeInIndex = 0; path = PointRun.app; sourceTree = BUILT_PRODUCTS_DIR; };
		EB67508919A58DE4007D8EA1 /* Info.plist */ = {isa = PBXFileReference; lastKnownFileType = text.plist.xml; path = Info.plist; sourceTree = "<group>"; };
		EB67508A19A58DE4007D8EA1 /* AppDelegate.swift */ = {isa = PBXFileReference; lastKnownFileType = sourcecode.swift; path = AppDelegate.swift; sourceTree = "<group>"; };
		EB67508F19A58DE4007D8EA1 /* Base */ = {isa = PBXFileReference; lastKnownFileType = file.storyboard; name = Base; path = Base.lproj/Main.storyboard; sourceTree = "<group>"; };
		EB67509119A58DE4007D8EA1 /* Images.xcassets */ = {isa = PBXFileReference; lastKnownFileType = folder.assetcatalog; path = Images.xcassets; sourceTree = "<group>"; };
		EB67509719A58DE4007D8EA1 /* PointRunTests.xctest */ = {isa = PBXFileReference; explicitFileType = wrapper.cfbundle; includeInIndex = 0; path = PointRunTests.xctest; sourceTree = BUILT_PRODUCTS_DIR; };
		EB67509C19A58DE4007D8EA1 /* Info.plist */ = {isa = PBXFileReference; lastKnownFileType = text.plist.xml; path = Info.plist; sourceTree = "<group>"; };
		EB67509D19A58DE4007D8EA1 /* PointRunTests.swift */ = {isa = PBXFileReference; lastKnownFileType = sourcecode.swift; path = PointRunTests.swift; sourceTree = "<group>"; };
		EB991F5819DB5FE800ECF07A /* Achievement.swift */ = {isa = PBXFileReference; fileEncoding = 4; lastKnownFileType = sourcecode.swift; path = Achievement.swift; sourceTree = "<group>"; };
		EBA113BA1A64868900B781E0 /* Extensions.swift */ = {isa = PBXFileReference; fileEncoding = 4; lastKnownFileType = sourcecode.swift; path = Extensions.swift; sourceTree = "<group>"; };
		EBBD3F1C1F2EC1210008772D /* Gamemode.swift */ = {isa = PBXFileReference; fileEncoding = 4; lastKnownFileType = sourcecode.swift; path = Gamemode.swift; sourceTree = "<group>"; };
		EBBD3F1E1F2EC78F0008772D /* PlayerNumberButton.swift */ = {isa = PBXFileReference; fileEncoding = 4; lastKnownFileType = sourcecode.swift; path = PlayerNumberButton.swift; sourceTree = "<group>"; };
		EBCEC8FE19D39E67005E301B /* Communication.swift */ = {isa = PBXFileReference; fileEncoding = 4; lastKnownFileType = sourcecode.swift; path = Communication.swift; sourceTree = "<group>"; };
		EBCEC90019D3A9C4005E301B /* Player.swift */ = {isa = PBXFileReference; fileEncoding = 4; lastKnownFileType = sourcecode.swift; path = Player.swift; sourceTree = "<group>"; };
/* End PBXFileReference section */

/* Begin PBXFrameworksBuildPhase section */
		EB67508219A58DE4007D8EA1 /* Frameworks */ = {
			isa = PBXFrameworksBuildPhase;
			buildActionMask = 2147483647;
			files = (
				6D685922C0536B07E12B1D1A /* Pods_PointRun.framework in Frameworks */,
			);
			runOnlyForDeploymentPostprocessing = 0;
		};
		EB67509419A58DE4007D8EA1 /* Frameworks */ = {
			isa = PBXFrameworksBuildPhase;
			buildActionMask = 2147483647;
			files = (
			);
			runOnlyForDeploymentPostprocessing = 0;
		};
/* End PBXFrameworksBuildPhase section */

/* Begin PBXGroup section */
		9946EF8937E8416C85716C44 /* Frameworks */ = {
			isa = PBXGroup;
			children = (
				EB65D51919D6FCF300196D77 /* GameKit.framework */,
				69B0B965AE1F0220B6263C40 /* Pods.framework */,
				DF86D96A7DC0268CD5A666CD /* Pods_PointRun.framework */,
			);
			name = Frameworks;
			sourceTree = "<group>";
		};
		CD67E69EDC39B9C2CEEBCF22 /* Pods */ = {
			isa = PBXGroup;
			children = (
				5A11DF55970D4505856AF347 /* Pods-PointRun.debug.xcconfig */,
				D247E1540296A0A555F8E8D8 /* Pods-PointRun.release.xcconfig */,
			);
			name = Pods;
			sourceTree = "<group>";
		};
		EB3E3B6F19A58F4500A768DD /* util */ = {
			isa = PBXGroup;
			children = (
				EBCEC8FE19D39E67005E301B /* Communication.swift */,
				EBCEC90019D3A9C4005E301B /* Player.swift */,
				EB991F5819DB5FE800ECF07A /* Achievement.swift */,
				EBA113BA1A64868900B781E0 /* Extensions.swift */,
				EB31FF801F2EBA5000D1149C /* Colors.swift */,
				EBBD3F1C1F2EC1210008772D /* Gamemode.swift */,
			);
			path = util;
			sourceTree = "<group>";
		};
		EB3E3B7619A58F4500A768DD /* views */ = {
			isa = PBXGroup;
			children = (
				EB426F721F2EEC6900CCE13E /* AlertViewController.swift */,
				EB3E3B7819A58F4500A768DD /* GameViewController.swift */,
				EB3E3B7919A58F4500A768DD /* MenuView.swift */,
				EB3E3B7A19A58F4500A768DD /* MenuViewController.swift */,
				EB67142E19D46BD700E0EF63 /* MultiplayerViewController.swift */,
				EB31FF7E1F2EB99100D1149C /* GamemodeButton.swift */,
				EBBD3F1E1F2EC78F0008772D /* PlayerNumberButton.swift */,
				EB426F6C1F2ECDA800CCE13E /* NavigationBar.swift */,
				EB426F6E1F2ED40100CCE13E /* Button.swift */,
			);
			path = views;
			sourceTree = "<group>";
		};
		EB67507C19A58DE4007D8EA1 = {
			isa = PBXGroup;
			children = (
				EB67508719A58DE4007D8EA1 /* PointRun */,
				EB67509A19A58DE4007D8EA1 /* PointRunTests */,
				EB67508619A58DE4007D8EA1 /* Products */,
				9946EF8937E8416C85716C44 /* Frameworks */,
				CD67E69EDC39B9C2CEEBCF22 /* Pods */,
			);
			sourceTree = "<group>";
		};
		EB67508619A58DE4007D8EA1 /* Products */ = {
			isa = PBXGroup;
			children = (
				EB67508519A58DE4007D8EA1 /* PointRun.app */,
				EB67509719A58DE4007D8EA1 /* PointRunTests.xctest */,
			);
			name = Products;
			sourceTree = "<group>";
		};
		EB67508719A58DE4007D8EA1 /* PointRun */ = {
			isa = PBXGroup;
			children = (
				EB3E3B6F19A58F4500A768DD /* util */,
				EB3E3B7619A58F4500A768DD /* views */,
				EB67508A19A58DE4007D8EA1 /* AppDelegate.swift */,
				EB67508E19A58DE4007D8EA1 /* Main.storyboard */,
				EB2740B11F2EB21A001EE4CF /* Launch Screen.storyboard */,
				EB67509119A58DE4007D8EA1 /* Images.xcassets */,
				EB67508819A58DE4007D8EA1 /* Supporting Files */,
				EB3E3B2819A58F3A00A768DD /* Common.swift */,
			);
			path = PointRun;
			sourceTree = "<group>";
		};
		EB67508819A58DE4007D8EA1 /* Supporting Files */ = {
			isa = PBXGroup;
			children = (
				EB67508919A58DE4007D8EA1 /* Info.plist */,
			);
			name = "Supporting Files";
			sourceTree = "<group>";
		};
		EB67509A19A58DE4007D8EA1 /* PointRunTests */ = {
			isa = PBXGroup;
			children = (
				EB67509D19A58DE4007D8EA1 /* PointRunTests.swift */,
				EB67509B19A58DE4007D8EA1 /* Supporting Files */,
			);
			path = PointRunTests;
			sourceTree = "<group>";
		};
		EB67509B19A58DE4007D8EA1 /* Supporting Files */ = {
			isa = PBXGroup;
			children = (
				EB67509C19A58DE4007D8EA1 /* Info.plist */,
			);
			name = "Supporting Files";
			sourceTree = "<group>";
		};
/* End PBXGroup section */

/* Begin PBXNativeTarget section */
		EB67508419A58DE4007D8EA1 /* PointRun */ = {
			isa = PBXNativeTarget;
			buildConfigurationList = EB6750A119A58DE4007D8EA1 /* Build configuration list for PBXNativeTarget "PointRun" */;
			buildPhases = (
				DA4E399F0EB5A1C3F92E156E /* [CP] Check Pods Manifest.lock */,
				EB67508119A58DE4007D8EA1 /* Sources */,
				EB67508219A58DE4007D8EA1 /* Frameworks */,
				EB67508319A58DE4007D8EA1 /* Resources */,
				2025003BE7009F78C2A771FC /* [CP] Embed Pods Frameworks */,
				DEFF42EABDC61C6D12AD3DF5 /* [CP] Copy Pods Resources */,
			);
			buildRules = (
			);
			dependencies = (
			);
			name = PointRun;
			productName = PointRun;
			productReference = EB67508519A58DE4007D8EA1 /* PointRun.app */;
			productType = "com.apple.product-type.application";
		};
		EB67509619A58DE4007D8EA1 /* PointRunTests */ = {
			isa = PBXNativeTarget;
			buildConfigurationList = EB6750A419A58DE4007D8EA1 /* Build configuration list for PBXNativeTarget "PointRunTests" */;
			buildPhases = (
				EB67509319A58DE4007D8EA1 /* Sources */,
				EB67509419A58DE4007D8EA1 /* Frameworks */,
				EB67509519A58DE4007D8EA1 /* Resources */,
			);
			buildRules = (
			);
			dependencies = (
				EB67509919A58DE4007D8EA1 /* PBXTargetDependency */,
			);
			name = PointRunTests;
			productName = PointRunTests;
			productReference = EB67509719A58DE4007D8EA1 /* PointRunTests.xctest */;
			productType = "com.apple.product-type.bundle.unit-test";
		};
/* End PBXNativeTarget section */

/* Begin PBXProject section */
		EB67507D19A58DE4007D8EA1 /* Project object */ = {
			isa = PBXProject;
			attributes = {
				LastSwiftMigration = 0700;
				LastSwiftUpdateCheck = 0700;
				LastUpgradeCheck = 0900;
				ORGANIZATIONNAME = CosmicByte;
				TargetAttributes = {
					EB67508419A58DE4007D8EA1 = {
						CreatedOnToolsVersion = 6.0;
						DevelopmentTeam = JDJKS788L2;
						LastSwiftMigration = 0900;
					};
					EB67509619A58DE4007D8EA1 = {
						CreatedOnToolsVersion = 6.0;
						LastSwiftMigration = 0900;
						TestTargetID = EB67508419A58DE4007D8EA1;
					};
				};
			};
			buildConfigurationList = EB67508019A58DE4007D8EA1 /* Build configuration list for PBXProject "PointRun" */;
			compatibilityVersion = "Xcode 3.2";
			developmentRegion = English;
			hasScannedForEncodings = 0;
			knownRegions = (
				en,
				Base,
			);
			mainGroup = EB67507C19A58DE4007D8EA1;
			productRefGroup = EB67508619A58DE4007D8EA1 /* Products */;
			projectDirPath = "";
			projectRoot = "";
			targets = (
				EB67508419A58DE4007D8EA1 /* PointRun */,
				EB67509619A58DE4007D8EA1 /* PointRunTests */,
			);
		};
/* End PBXProject section */

/* Begin PBXResourcesBuildPhase section */
		EB67508319A58DE4007D8EA1 /* Resources */ = {
			isa = PBXResourcesBuildPhase;
			buildActionMask = 2147483647;
			files = (
				EB67509019A58DE4007D8EA1 /* Main.storyboard in Resources */,
				EB2740B21F2EB21A001EE4CF /* Launch Screen.storyboard in Resources */,
				EB67509219A58DE4007D8EA1 /* Images.xcassets in Resources */,
			);
			runOnlyForDeploymentPostprocessing = 0;
		};
		EB67509519A58DE4007D8EA1 /* Resources */ = {
			isa = PBXResourcesBuildPhase;
			buildActionMask = 2147483647;
			files = (
			);
			runOnlyForDeploymentPostprocessing = 0;
		};
/* End PBXResourcesBuildPhase section */

/* Begin PBXShellScriptBuildPhase section */
		2025003BE7009F78C2A771FC /* [CP] Embed Pods Frameworks */ = {
			isa = PBXShellScriptBuildPhase;
			buildActionMask = 2147483647;
			files = (
			);
			inputPaths = (
				"${SRCROOT}/Pods/Target Support Files/Pods-PointRun/Pods-PointRun-frameworks.sh",
				"${BUILT_PRODUCTS_DIR}/GCHelper/GCHelper.framework",
			);
			name = "[CP] Embed Pods Frameworks";
			outputPaths = (
				"${TARGET_BUILD_DIR}/${FRAMEWORKS_FOLDER_PATH}/GCHelper.framework",
			);
			runOnlyForDeploymentPostprocessing = 0;
			shellPath = /bin/sh;
			shellScript = "\"${SRCROOT}/Pods/Target Support Files/Pods-PointRun/Pods-PointRun-frameworks.sh\"\n";
			showEnvVarsInLog = 0;
		};
		DA4E399F0EB5A1C3F92E156E /* [CP] Check Pods Manifest.lock */ = {
			isa = PBXShellScriptBuildPhase;
			buildActionMask = 2147483647;
			files = (
			);
			inputPaths = (
				"${PODS_PODFILE_DIR_PATH}/Podfile.lock",
				"${PODS_ROOT}/Manifest.lock",
			);
			name = "[CP] Check Pods Manifest.lock";
			outputPaths = (
				"$(DERIVED_FILE_DIR)/Pods-PointRun-checkManifestLockResult.txt",
			);
			runOnlyForDeploymentPostprocessing = 0;
			shellPath = /bin/sh;
			shellScript = "diff \"${PODS_PODFILE_DIR_PATH}/Podfile.lock\" \"${PODS_ROOT}/Manifest.lock\" > /dev/null\nif [ $? != 0 ] ; then\n    # print error to STDERR\n    echo \"error: The sandbox is not in sync with the Podfile.lock. Run 'pod install' or update your CocoaPods installation.\" >&2\n    exit 1\nfi\n# This output is used by Xcode 'outputs' to avoid re-running this script phase.\necho \"SUCCESS\" > \"${SCRIPT_OUTPUT_FILE_0}\"\n";
			showEnvVarsInLog = 0;
		};
		DEFF42EABDC61C6D12AD3DF5 /* [CP] Copy Pods Resources */ = {
			isa = PBXShellScriptBuildPhase;
			buildActionMask = 2147483647;
			files = (
			);
			inputPaths = (
				"${SRCROOT}/Pods/Target Support Files/Pods-PointRun/Pods-PointRun-resources.sh",
				"${PODS_ROOT}/GoogleMaps/Maps/Frameworks/GoogleMaps.framework/Resources/GoogleMaps.bundle",
			);
			name = "[CP] Copy Pods Resources";
			outputPaths = (
				"${TARGET_BUILD_DIR}/${UNLOCALIZED_RESOURCES_FOLDER_PATH}",
			);
			runOnlyForDeploymentPostprocessing = 0;
			shellPath = /bin/sh;
			shellScript = "\"${SRCROOT}/Pods/Target Support Files/Pods-PointRun/Pods-PointRun-resources.sh\"\n";
			showEnvVarsInLog = 0;
		};
/* End PBXShellScriptBuildPhase section */

/* Begin PBXSourcesBuildPhase section */
		EB67508119A58DE4007D8EA1 /* Sources */ = {
			isa = PBXSourcesBuildPhase;
			buildActionMask = 2147483647;
			files = (
				EBCEC90119D3A9C4005E301B /* Player.swift in Sources */,
				EB426F6F1F2ED40100CCE13E /* Button.swift in Sources */,
				EB67142F19D46BD700E0EF63 /* MultiplayerViewController.swift in Sources */,
				EB3E3BBF19A58F4500A768DD /* GameViewController.swift in Sources */,
				EB426F6D1F2ECDA800CCE13E /* NavigationBar.swift in Sources */,
				EB3E3BC019A58F4500A768DD /* MenuView.swift in Sources */,
				EB991F5919DB5FE800ECF07A /* Achievement.swift in Sources */,
				EB3E3B2919A58F3A00A768DD /* Common.swift in Sources */,
				EB31FF7F1F2EB99100D1149C /* GamemodeButton.swift in Sources */,
				EBA113BB1A64868900B781E0 /* Extensions.swift in Sources */,
				EBBD3F1D1F2EC1210008772D /* Gamemode.swift in Sources */,
				EB31FF811F2EBA5000D1149C /* Colors.swift in Sources */,
				EB3E3BC119A58F4500A768DD /* MenuViewController.swift in Sources */,
				EB426F731F2EEC6900CCE13E /* AlertViewController.swift in Sources */,
				EBCEC8FF19D39E67005E301B /* Communication.swift in Sources */,
				EB67508B19A58DE4007D8EA1 /* AppDelegate.swift in Sources */,
				EBBD3F1F1F2EC78F0008772D /* PlayerNumberButton.swift in Sources */,
			);
			runOnlyForDeploymentPostprocessing = 0;
		};
		EB67509319A58DE4007D8EA1 /* Sources */ = {
			isa = PBXSourcesBuildPhase;
			buildActionMask = 2147483647;
			files = (
				EB67509E19A58DE4007D8EA1 /* PointRunTests.swift in Sources */,
			);
			runOnlyForDeploymentPostprocessing = 0;
		};
/* End PBXSourcesBuildPhase section */

/* Begin PBXTargetDependency section */
		EB67509919A58DE4007D8EA1 /* PBXTargetDependency */ = {
			isa = PBXTargetDependency;
			target = EB67508419A58DE4007D8EA1 /* PointRun */;
			targetProxy = EB67509819A58DE4007D8EA1 /* PBXContainerItemProxy */;
		};
/* End PBXTargetDependency section */

/* Begin PBXVariantGroup section */
		EB67508E19A58DE4007D8EA1 /* Main.storyboard */ = {
			isa = PBXVariantGroup;
			children = (
				EB67508F19A58DE4007D8EA1 /* Base */,
			);
			name = Main.storyboard;
			sourceTree = "<group>";
		};
/* End PBXVariantGroup section */

/* Begin XCBuildConfiguration section */
		EB67509F19A58DE4007D8EA1 /* Debug */ = {
			isa = XCBuildConfiguration;
			buildSettings = {
				ALWAYS_SEARCH_USER_PATHS = NO;
				CLANG_CXX_LANGUAGE_STANDARD = "gnu++0x";
				CLANG_CXX_LIBRARY = "libc++";
				CLANG_ENABLE_MODULES = YES;
				CLANG_ENABLE_OBJC_ARC = YES;
				CLANG_WARN_BLOCK_CAPTURE_AUTORELEASING = YES;
				CLANG_WARN_BOOL_CONVERSION = YES;
				CLANG_WARN_COMMA = YES;
				CLANG_WARN_CONSTANT_CONVERSION = YES;
				CLANG_WARN_DIRECT_OBJC_ISA_USAGE = YES_ERROR;
				CLANG_WARN_EMPTY_BODY = YES;
				CLANG_WARN_ENUM_CONVERSION = YES;
				CLANG_WARN_INFINITE_RECURSION = YES;
				CLANG_WARN_INT_CONVERSION = YES;
				CLANG_WARN_NON_LITERAL_NULL_CONVERSION = YES;
				CLANG_WARN_OBJC_LITERAL_CONVERSION = YES;
				CLANG_WARN_OBJC_ROOT_CLASS = YES_ERROR;
				CLANG_WARN_RANGE_LOOP_ANALYSIS = YES;
				CLANG_WARN_STRICT_PROTOTYPES = YES;
				CLANG_WARN_SUSPICIOUS_MOVE = YES;
				CLANG_WARN_UNREACHABLE_CODE = YES;
				CLANG_WARN__DUPLICATE_METHOD_MATCH = YES;
				"CODE_SIGN_IDENTITY[sdk=iphoneos*]" = "iPhone Developer";
				COPY_PHASE_STRIP = NO;
				ENABLE_STRICT_OBJC_MSGSEND = YES;
				ENABLE_TESTABILITY = YES;
				GCC_C_LANGUAGE_STANDARD = gnu99;
				GCC_DYNAMIC_NO_PIC = NO;
				GCC_NO_COMMON_BLOCKS = YES;
				GCC_OPTIMIZATION_LEVEL = 0;
				GCC_PREPROCESSOR_DEFINITIONS = (
					"DEBUG=1",
					"$(inherited)",
				);
				GCC_SYMBOLS_PRIVATE_EXTERN = NO;
				GCC_WARN_64_TO_32_BIT_CONVERSION = YES;
				GCC_WARN_ABOUT_RETURN_TYPE = YES_ERROR;
				GCC_WARN_UNDECLARED_SELECTOR = YES;
				GCC_WARN_UNINITIALIZED_AUTOS = YES_AGGRESSIVE;
				GCC_WARN_UNUSED_FUNCTION = YES;
				GCC_WARN_UNUSED_VARIABLE = YES;
				IPHONEOS_DEPLOYMENT_TARGET = 8.0;
				MTL_ENABLE_DEBUG_INFO = YES;
				ONLY_ACTIVE_ARCH = YES;
				SDKROOT = iphoneos;
				SWIFT_OPTIMIZATION_LEVEL = "-Onone";
			};
			name = Debug;
		};
		EB6750A019A58DE4007D8EA1 /* Release */ = {
			isa = XCBuildConfiguration;
			buildSettings = {
				ALWAYS_SEARCH_USER_PATHS = NO;
				CLANG_CXX_LANGUAGE_STANDARD = "gnu++0x";
				CLANG_CXX_LIBRARY = "libc++";
				CLANG_ENABLE_MODULES = YES;
				CLANG_ENABLE_OBJC_ARC = YES;
				CLANG_WARN_BLOCK_CAPTURE_AUTORELEASING = YES;
				CLANG_WARN_BOOL_CONVERSION = YES;
				CLANG_WARN_COMMA = YES;
				CLANG_WARN_CONSTANT_CONVERSION = YES;
				CLANG_WARN_DIRECT_OBJC_ISA_USAGE = YES_ERROR;
				CLANG_WARN_EMPTY_BODY = YES;
				CLANG_WARN_ENUM_CONVERSION = YES;
				CLANG_WARN_INFINITE_RECURSION = YES;
				CLANG_WARN_INT_CONVERSION = YES;
				CLANG_WARN_NON_LITERAL_NULL_CONVERSION = YES;
				CLANG_WARN_OBJC_LITERAL_CONVERSION = YES;
				CLANG_WARN_OBJC_ROOT_CLASS = YES_ERROR;
				CLANG_WARN_RANGE_LOOP_ANALYSIS = YES;
				CLANG_WARN_STRICT_PROTOTYPES = YES;
				CLANG_WARN_SUSPICIOUS_MOVE = YES;
				CLANG_WARN_UNREACHABLE_CODE = YES;
				CLANG_WARN__DUPLICATE_METHOD_MATCH = YES;
				"CODE_SIGN_IDENTITY[sdk=iphoneos*]" = "iPhone Developer";
				COPY_PHASE_STRIP = YES;
				ENABLE_NS_ASSERTIONS = NO;
				ENABLE_STRICT_OBJC_MSGSEND = YES;
				GCC_C_LANGUAGE_STANDARD = gnu99;
				GCC_NO_COMMON_BLOCKS = YES;
				GCC_WARN_64_TO_32_BIT_CONVERSION = YES;
				GCC_WARN_ABOUT_RETURN_TYPE = YES_ERROR;
				GCC_WARN_UNDECLARED_SELECTOR = YES;
				GCC_WARN_UNINITIALIZED_AUTOS = YES_AGGRESSIVE;
				GCC_WARN_UNUSED_FUNCTION = YES;
				GCC_WARN_UNUSED_VARIABLE = YES;
				IPHONEOS_DEPLOYMENT_TARGET = 8.0;
				MTL_ENABLE_DEBUG_INFO = NO;
				SDKROOT = iphoneos;
				SWIFT_OPTIMIZATION_LEVEL = "-Owholemodule";
				VALIDATE_PRODUCT = YES;
			};
			name = Release;
		};
		EB6750A219A58DE4007D8EA1 /* Debug */ = {
			isa = XCBuildConfiguration;
			baseConfigurationReference = 5A11DF55970D4505856AF347 /* Pods-PointRun.debug.xcconfig */;
			buildSettings = {
				ASSETCATALOG_COMPILER_APPICON_NAME = AppIcon;
				CODE_SIGN_IDENTITY = "iPhone Developer";
				INFOPLIST_FILE = PointRun/Info.plist;
				IPHONEOS_DEPLOYMENT_TARGET = 8.0;
				LD_RUNPATH_SEARCH_PATHS = "$(inherited) @executable_path/Frameworks";
				PRODUCT_BUNDLE_IDENTIFIER = com.cosmicbyte.PointRun;
				PRODUCT_NAME = "$(TARGET_NAME)";
				SWIFT_VERSION = 4.0;
			};
			name = Debug;
		};
		EB6750A319A58DE4007D8EA1 /* Release */ = {
			isa = XCBuildConfiguration;
			baseConfigurationReference = D247E1540296A0A555F8E8D8 /* Pods-PointRun.release.xcconfig */;
			buildSettings = {
				ASSETCATALOG_COMPILER_APPICON_NAME = AppIcon;
				CODE_SIGN_IDENTITY = "iPhone Developer";
				INFOPLIST_FILE = PointRun/Info.plist;
				IPHONEOS_DEPLOYMENT_TARGET = 8.0;
				LD_RUNPATH_SEARCH_PATHS = "$(inherited) @executable_path/Frameworks";
				PRODUCT_BUNDLE_IDENTIFIER = com.cosmicbyte.PointRun;
				PRODUCT_NAME = "$(TARGET_NAME)";
				PROVISIONING_PROFILE = "";
				SWIFT_VERSION = 4.0;
			};
			name = Release;
		};
		EB6750A519A58DE4007D8EA1 /* Debug */ = {
			isa = XCBuildConfiguration;
			buildSettings = {
				BUNDLE_LOADER = "$(TEST_HOST)";
				GCC_PREPROCESSOR_DEFINITIONS = (
					"DEBUG=1",
					"$(inherited)",
				);
				INFOPLIST_FILE = PointRunTests/Info.plist;
				PRODUCT_BUNDLE_IDENTIFIER = "com.cosmicbyte.$(PRODUCT_NAME:rfc1034identifier)";
				PRODUCT_NAME = "$(TARGET_NAME)";
				SWIFT_VERSION = 4.0;
			};
			name = Debug;
		};
		EB6750A619A58DE4007D8EA1 /* Release */ = {
			isa = XCBuildConfiguration;
			buildSettings = {
				BUNDLE_LOADER = "$(TEST_HOST)";
				INFOPLIST_FILE = PointRunTests/Info.plist;
				PRODUCT_BUNDLE_IDENTIFIER = "com.cosmicbyte.$(PRODUCT_NAME:rfc1034identifier)";
				PRODUCT_NAME = "$(TARGET_NAME)";
				SWIFT_VERSION = 4.0;
			};
			name = Release;
		};
/* End XCBuildConfiguration section */

/* Begin XCConfigurationList section */
		EB67508019A58DE4007D8EA1 /* Build configuration list for PBXProject "PointRun" */ = {
			isa = XCConfigurationList;
			buildConfigurations = (
				EB67509F19A58DE4007D8EA1 /* Debug */,
				EB6750A019A58DE4007D8EA1 /* Release */,
			);
			defaultConfigurationIsVisible = 0;
			defaultConfigurationName = Release;
		};
		EB6750A119A58DE4007D8EA1 /* Build configuration list for PBXNativeTarget "PointRun" */ = {
			isa = XCConfigurationList;
			buildConfigurations = (
				EB6750A219A58DE4007D8EA1 /* Debug */,
				EB6750A319A58DE4007D8EA1 /* Release */,
			);
			defaultConfigurationIsVisible = 0;
			defaultConfigurationName = Release;
		};
		EB6750A419A58DE4007D8EA1 /* Build configuration list for PBXNativeTarget "PointRunTests" */ = {
			isa = XCConfigurationList;
			buildConfigurations = (
				EB6750A519A58DE4007D8EA1 /* Debug */,
				EB6750A619A58DE4007D8EA1 /* Release */,
			);
			defaultConfigurationIsVisible = 0;
			defaultConfigurationName = Release;
		};
/* End XCConfigurationList section */
	};
	rootObject = EB67507D19A58DE4007D8EA1 /* Project object */;
}
