// !$*UTF8*$!
{
	archiveVersion = 1;
	classes = {
	};
	objectVersion = 46;
	objects = {

/* Begin PBXBuildFile section */
		EB3E3B2919A58F3A00A768DD /* Common.swift in Sources */ = {isa = PBXBuildFile; fileRef = EB3E3B2819A58F3A00A768DD /* Common.swift */; };
		EB3E3B7B19A58F4500A768DD /* OpenSans-Regular.ttf in Resources */ = {isa = PBXBuildFile; fileRef = EB3E3B2C19A58F4500A768DD /* OpenSans-Regular.ttf */; };
		EB3E3B7C19A58F4500A768DD /* 100.png in Resources */ = {isa = PBXBuildFile; fileRef = EB3E3B2E19A58F4500A768DD /* 100.png */; };
		EB3E3B7D19A58F4500A768DD /* 1024.png in Resources */ = {isa = PBXBuildFile; fileRef = EB3E3B2F19A58F4500A768DD /* 1024.png */; };
		EB3E3B7E19A58F4500A768DD /* 114.png in Resources */ = {isa = PBXBuildFile; fileRef = EB3E3B3019A58F4500A768DD /* 114.png */; };
		EB3E3B7F19A58F4500A768DD /* 120.png in Resources */ = {isa = PBXBuildFile; fileRef = EB3E3B3119A58F4500A768DD /* 120.png */; };
		EB3E3B8019A58F4500A768DD /* 144.png in Resources */ = {isa = PBXBuildFile; fileRef = EB3E3B3219A58F4500A768DD /* 144.png */; };
		EB3E3B8119A58F4500A768DD /* 152.png in Resources */ = {isa = PBXBuildFile; fileRef = EB3E3B3319A58F4500A768DD /* 152.png */; };
		EB3E3B8219A58F4500A768DD /* 29.png in Resources */ = {isa = PBXBuildFile; fileRef = EB3E3B3419A58F4500A768DD /* 29.png */; };
		EB3E3B8319A58F4500A768DD /* 40.png in Resources */ = {isa = PBXBuildFile; fileRef = EB3E3B3519A58F4500A768DD /* 40.png */; };
		EB3E3B8419A58F4500A768DD /* 50.png in Resources */ = {isa = PBXBuildFile; fileRef = EB3E3B3619A58F4500A768DD /* 50.png */; };
		EB3E3B8519A58F4500A768DD /* 57.png in Resources */ = {isa = PBXBuildFile; fileRef = EB3E3B3719A58F4500A768DD /* 57.png */; };
		EB3E3B8619A58F4500A768DD /* 58.png in Resources */ = {isa = PBXBuildFile; fileRef = EB3E3B3819A58F4500A768DD /* 58.png */; };
		EB3E3B8719A58F4500A768DD /* 72.png in Resources */ = {isa = PBXBuildFile; fileRef = EB3E3B3919A58F4500A768DD /* 72.png */; };
		EB3E3B8819A58F4500A768DD /* 76.png in Resources */ = {isa = PBXBuildFile; fileRef = EB3E3B3A19A58F4500A768DD /* 76.png */; };
		EB3E3B8919A58F4500A768DD /* 80.png in Resources */ = {isa = PBXBuildFile; fileRef = EB3E3B3B19A58F4500A768DD /* 80.png */; };
		EB3E3B8A19A58F4500A768DD /* back.png in Resources */ = {isa = PBXBuildFile; fileRef = EB3E3B3D19A58F4500A768DD /* back.png */; };
		EB3E3B8B19A58F4500A768DD /* checkmark.png in Resources */ = {isa = PBXBuildFile; fileRef = EB3E3B3E19A58F4500A768DD /* checkmark.png */; };
		EB3E3B8C19A58F4500A768DD /* cross.png in Resources */ = {isa = PBXBuildFile; fileRef = EB3E3B3F19A58F4500A768DD /* cross.png */; };
		EB3E3B8D19A58F4500A768DD /* element00.png in Resources */ = {isa = PBXBuildFile; fileRef = EB3E3B4019A58F4500A768DD /* element00.png */; };
		EB3E3B8E19A58F4500A768DD /* element01.png in Resources */ = {isa = PBXBuildFile; fileRef = EB3E3B4119A58F4500A768DD /* element01.png */; };
		EB3E3B8F19A58F4500A768DD /* element02.png in Resources */ = {isa = PBXBuildFile; fileRef = EB3E3B4219A58F4500A768DD /* element02.png */; };
		EB3E3B9019A58F4500A768DD /* element03.png in Resources */ = {isa = PBXBuildFile; fileRef = EB3E3B4319A58F4500A768DD /* element03.png */; };
		EB3E3B9119A58F4500A768DD /* element04.png in Resources */ = {isa = PBXBuildFile; fileRef = EB3E3B4419A58F4500A768DD /* element04.png */; };
		EB3E3B9219A58F4500A768DD /* element05.png in Resources */ = {isa = PBXBuildFile; fileRef = EB3E3B4519A58F4500A768DD /* element05.png */; };
		EB3E3B9319A58F4500A768DD /* element06.png in Resources */ = {isa = PBXBuildFile; fileRef = EB3E3B4619A58F4500A768DD /* element06.png */; };
		EB3E3B9419A58F4500A768DD /* element07.png in Resources */ = {isa = PBXBuildFile; fileRef = EB3E3B4719A58F4500A768DD /* element07.png */; };
		EB3E3B9519A58F4500A768DD /* element08.png in Resources */ = {isa = PBXBuildFile; fileRef = EB3E3B4819A58F4500A768DD /* element08.png */; };
		EB3E3B9619A58F4500A768DD /* element09.png in Resources */ = {isa = PBXBuildFile; fileRef = EB3E3B4919A58F4500A768DD /* element09.png */; };
		EB3E3B9719A58F4500A768DD /* element10.png in Resources */ = {isa = PBXBuildFile; fileRef = EB3E3B4A19A58F4500A768DD /* element10.png */; };
		EB3E3B9819A58F4500A768DD /* element11.png in Resources */ = {isa = PBXBuildFile; fileRef = EB3E3B4B19A58F4500A768DD /* element11.png */; };
		EB3E3B9919A58F4500A768DD /* element12.png in Resources */ = {isa = PBXBuildFile; fileRef = EB3E3B4C19A58F4500A768DD /* element12.png */; };
		EB3E3B9A19A58F4500A768DD /* element13.png in Resources */ = {isa = PBXBuildFile; fileRef = EB3E3B4D19A58F4500A768DD /* element13.png */; };
		EB3E3B9B19A58F4500A768DD /* element14.png in Resources */ = {isa = PBXBuildFile; fileRef = EB3E3B4E19A58F4500A768DD /* element14.png */; };
		EB3E3B9C19A58F4500A768DD /* element15.png in Resources */ = {isa = PBXBuildFile; fileRef = EB3E3B4F19A58F4500A768DD /* element15.png */; };
		EB3E3B9D19A58F4500A768DD /* element16.png in Resources */ = {isa = PBXBuildFile; fileRef = EB3E3B5019A58F4500A768DD /* element16.png */; };
		EB3E3B9E19A58F4500A768DD /* element17.png in Resources */ = {isa = PBXBuildFile; fileRef = EB3E3B5119A58F4500A768DD /* element17.png */; };
		EB3E3B9F19A58F4500A768DD /* element18.png in Resources */ = {isa = PBXBuildFile; fileRef = EB3E3B5219A58F4500A768DD /* element18.png */; };
		EB3E3BA019A58F4500A768DD /* element19.png in Resources */ = {isa = PBXBuildFile; fileRef = EB3E3B5319A58F4500A768DD /* element19.png */; };
		EB3E3BA119A58F4500A768DD /* element20.png in Resources */ = {isa = PBXBuildFile; fileRef = EB3E3B5419A58F4500A768DD /* element20.png */; };
		EB3E3BA219A58F4500A768DD /* element21.png in Resources */ = {isa = PBXBuildFile; fileRef = EB3E3B5519A58F4500A768DD /* element21.png */; };
		EB3E3BA319A58F4500A768DD /* element22.png in Resources */ = {isa = PBXBuildFile; fileRef = EB3E3B5619A58F4500A768DD /* element22.png */; };
		EB3E3BA419A58F4500A768DD /* element23.png in Resources */ = {isa = PBXBuildFile; fileRef = EB3E3B5719A58F4500A768DD /* element23.png */; };
		EB3E3BA519A58F4500A768DD /* element24.png in Resources */ = {isa = PBXBuildFile; fileRef = EB3E3B5819A58F4500A768DD /* element24.png */; };
		EB3E3BA619A58F4500A768DD /* gamemodeEndless.png in Resources */ = {isa = PBXBuildFile; fileRef = EB3E3B5919A58F4500A768DD /* gamemodeEndless.png */; };
		EB3E3BA719A58F4500A768DD /* gamemodeTarget.png in Resources */ = {isa = PBXBuildFile; fileRef = EB3E3B5A19A58F4500A768DD /* gamemodeTarget.png */; };
		EB3E3BA819A58F4500A768DD /* gamemodeTimer.png in Resources */ = {isa = PBXBuildFile; fileRef = EB3E3B5B19A58F4500A768DD /* gamemodeTimer.png */; };
		EB3E3BA919A58F4500A768DD /* gamePlayer.png in Resources */ = {isa = PBXBuildFile; fileRef = EB3E3B5C19A58F4500A768DD /* gamePlayer.png */; };
		EB3E3BAB19A58F4500A768DD /* gamePoint.png in Resources */ = {isa = PBXBuildFile; fileRef = EB3E3B5E19A58F4500A768DD /* gamePoint.png */; };
		EB3E3BAC19A58F4500A768DD /* list.png in Resources */ = {isa = PBXBuildFile; fileRef = EB3E3B5F19A58F4500A768DD /* list.png */; };
		EB3E3BAD19A58F4500A768DD /* logo.png in Resources */ = {isa = PBXBuildFile; fileRef = EB3E3B6019A58F4500A768DD /* logo.png */; };
		EB3E3BAE19A58F4500A768DD /* medal.png in Resources */ = {isa = PBXBuildFile; fileRef = EB3E3B6119A58F4500A768DD /* medal.png */; };
		EB3E3BAF19A58F4500A768DD /* menu.png in Resources */ = {isa = PBXBuildFile; fileRef = EB3E3B6219A58F4500A768DD /* menu.png */; };
		EB3E3BB019A58F4500A768DD /* multiGreen.png in Resources */ = {isa = PBXBuildFile; fileRef = EB3E3B6319A58F4500A768DD /* multiGreen.png */; };
		EB3E3BB119A58F4500A768DD /* multiWhite.png in Resources */ = {isa = PBXBuildFile; fileRef = EB3E3B6419A58F4500A768DD /* multiWhite.png */; };
		EB3E3BB219A58F4500A768DD /* singleGreen.png in Resources */ = {isa = PBXBuildFile; fileRef = EB3E3B6519A58F4500A768DD /* singleGreen.png */; };
		EB3E3BB319A58F4500A768DD /* singleWhite.png in Resources */ = {isa = PBXBuildFile; fileRef = EB3E3B6619A58F4500A768DD /* singleWhite.png */; };
		EB3E3BB419A58F4500A768DD /* statistics.png in Resources */ = {isa = PBXBuildFile; fileRef = EB3E3B6719A58F4500A768DD /* statistics.png */; };
		EB3E3BB519A58F4500A768DD /* timerSmall.png in Resources */ = {isa = PBXBuildFile; fileRef = EB3E3B6819A58F4500A768DD /* timerSmall.png */; };
		EB3E3BB619A58F4500A768DD /* userLocation.png in Resources */ = {isa = PBXBuildFile; fileRef = EB3E3B6919A58F4500A768DD /* userLocation.png */; };
		EB3E3BB719A58F4500A768DD /* warning.png in Resources */ = {isa = PBXBuildFile; fileRef = EB3E3B6A19A58F4500A768DD /* warning.png */; };
		EB3E3BB819A58F4500A768DD /* Default-568h@2x.png in Resources */ = {isa = PBXBuildFile; fileRef = EB3E3B6C19A58F4500A768DD /* Default-568h@2x.png */; };
		EB3E3BB919A58F4500A768DD /* Default.png in Resources */ = {isa = PBXBuildFile; fileRef = EB3E3B6D19A58F4500A768DD /* Default.png */; };
		EB3E3BBA19A58F4500A768DD /* Default@2x.png in Resources */ = {isa = PBXBuildFile; fileRef = EB3E3B6E19A58F4500A768DD /* Default@2x.png */; };
		EB3E3BBB19A58F4500A768DD /* Functions.m in Sources */ = {isa = PBXBuildFile; fileRef = EB3E3B7119A58F4500A768DD /* Functions.m */; };
		EB3E3BBC19A58F4500A768DD /* GCHelper.m in Sources */ = {isa = PBXBuildFile; fileRef = EB3E3B7319A58F4500A768DD /* GCHelper.m */; };
		EB3E3BBD19A58F4500A768DD /* ObjectiveBridge.m in Sources */ = {isa = PBXBuildFile; fileRef = EB3E3B7519A58F4500A768DD /* ObjectiveBridge.m */; };
		EB3E3BBE19A58F4500A768DD /* AlertView.swift in Sources */ = {isa = PBXBuildFile; fileRef = EB3E3B7719A58F4500A768DD /* AlertView.swift */; };
		EB3E3BBF19A58F4500A768DD /* GameViewController.swift in Sources */ = {isa = PBXBuildFile; fileRef = EB3E3B7819A58F4500A768DD /* GameViewController.swift */; };
		EB3E3BC019A58F4500A768DD /* MenuView.swift in Sources */ = {isa = PBXBuildFile; fileRef = EB3E3B7919A58F4500A768DD /* MenuView.swift */; };
		EB3E3BC119A58F4500A768DD /* MenuViewController.swift in Sources */ = {isa = PBXBuildFile; fileRef = EB3E3B7A19A58F4500A768DD /* MenuViewController.swift */; };
		EB67142F19D46BD700E0EF63 /* MultiplayerViewController.swift in Sources */ = {isa = PBXBuildFile; fileRef = EB67142E19D46BD700E0EF63 /* MultiplayerViewController.swift */; };
		EB67143519D4746E00E0EF63 /* gamemodeRace.png in Resources */ = {isa = PBXBuildFile; fileRef = EB67143419D4746E00E0EF63 /* gamemodeRace.png */; };
		EB67508B19A58DE4007D8EA1 /* AppDelegate.swift in Sources */ = {isa = PBXBuildFile; fileRef = EB67508A19A58DE4007D8EA1 /* AppDelegate.swift */; };
		EB67509019A58DE4007D8EA1 /* Main.storyboard in Resources */ = {isa = PBXBuildFile; fileRef = EB67508E19A58DE4007D8EA1 /* Main.storyboard */; };
		EB67509219A58DE4007D8EA1 /* Images.xcassets in Resources */ = {isa = PBXBuildFile; fileRef = EB67509119A58DE4007D8EA1 /* Images.xcassets */; };
		EB67509E19A58DE4007D8EA1 /* PointRunTests.swift in Sources */ = {isa = PBXBuildFile; fileRef = EB67509D19A58DE4007D8EA1 /* PointRunTests.swift */; };
		EBCEC8FF19D39E67005E301B /* Communication.swift in Sources */ = {isa = PBXBuildFile; fileRef = EBCEC8FE19D39E67005E301B /* Communication.swift */; };
		EBCEC90119D3A9C4005E301B /* Player.swift in Sources */ = {isa = PBXBuildFile; fileRef = EBCEC90019D3A9C4005E301B /* Player.swift */; };
		ECCBB732D96B4ADFAE3D925F /* libPods.a in Frameworks */ = {isa = PBXBuildFile; fileRef = 4B7AEF9618E647448D8ED79E /* libPods.a */; };
/* End PBXBuildFile section */

/* Begin PBXContainerItemProxy section */
		EB67509819A58DE4007D8EA1 /* PBXContainerItemProxy */ = {
			isa = PBXContainerItemProxy;
			containerPortal = EB67507D19A58DE4007D8EA1 /* Project object */;
			proxyType = 1;
			remoteGlobalIDString = EB67508419A58DE4007D8EA1;
			remoteInfo = PointRun;
		};
/* End PBXContainerItemProxy section */

/* Begin PBXFileReference section */
		4B7AEF9618E647448D8ED79E /* libPods.a */ = {isa = PBXFileReference; explicitFileType = archive.ar; includeInIndex = 0; path = libPods.a; sourceTree = BUILT_PRODUCTS_DIR; };
		EB3E3B2819A58F3A00A768DD /* Common.swift */ = {isa = PBXFileReference; fileEncoding = 4; lastKnownFileType = sourcecode.swift; path = Common.swift; sourceTree = "<group>"; };
		EB3E3B2C19A58F4500A768DD /* OpenSans-Regular.ttf */ = {isa = PBXFileReference; lastKnownFileType = file; path = "OpenSans-Regular.ttf"; sourceTree = "<group>"; };
		EB3E3B2E19A58F4500A768DD /* 100.png */ = {isa = PBXFileReference; lastKnownFileType = image.png; path = 100.png; sourceTree = "<group>"; };
		EB3E3B2F19A58F4500A768DD /* 1024.png */ = {isa = PBXFileReference; lastKnownFileType = image.png; path = 1024.png; sourceTree = "<group>"; };
		EB3E3B3019A58F4500A768DD /* 114.png */ = {isa = PBXFileReference; lastKnownFileType = image.png; path = 114.png; sourceTree = "<group>"; };
		EB3E3B3119A58F4500A768DD /* 120.png */ = {isa = PBXFileReference; lastKnownFileType = image.png; path = 120.png; sourceTree = "<group>"; };
		EB3E3B3219A58F4500A768DD /* 144.png */ = {isa = PBXFileReference; lastKnownFileType = image.png; path = 144.png; sourceTree = "<group>"; };
		EB3E3B3319A58F4500A768DD /* 152.png */ = {isa = PBXFileReference; lastKnownFileType = image.png; path = 152.png; sourceTree = "<group>"; };
		EB3E3B3419A58F4500A768DD /* 29.png */ = {isa = PBXFileReference; lastKnownFileType = image.png; path = 29.png; sourceTree = "<group>"; };
		EB3E3B3519A58F4500A768DD /* 40.png */ = {isa = PBXFileReference; lastKnownFileType = image.png; path = 40.png; sourceTree = "<group>"; };
		EB3E3B3619A58F4500A768DD /* 50.png */ = {isa = PBXFileReference; lastKnownFileType = image.png; path = 50.png; sourceTree = "<group>"; };
		EB3E3B3719A58F4500A768DD /* 57.png */ = {isa = PBXFileReference; lastKnownFileType = image.png; path = 57.png; sourceTree = "<group>"; };
		EB3E3B3819A58F4500A768DD /* 58.png */ = {isa = PBXFileReference; lastKnownFileType = image.png; path = 58.png; sourceTree = "<group>"; };
		EB3E3B3919A58F4500A768DD /* 72.png */ = {isa = PBXFileReference; lastKnownFileType = image.png; path = 72.png; sourceTree = "<group>"; };
		EB3E3B3A19A58F4500A768DD /* 76.png */ = {isa = PBXFileReference; lastKnownFileType = image.png; path = 76.png; sourceTree = "<group>"; };
		EB3E3B3B19A58F4500A768DD /* 80.png */ = {isa = PBXFileReference; lastKnownFileType = image.png; path = 80.png; sourceTree = "<group>"; };
		EB3E3B3D19A58F4500A768DD /* back.png */ = {isa = PBXFileReference; lastKnownFileType = image.png; path = back.png; sourceTree = "<group>"; };
		EB3E3B3E19A58F4500A768DD /* checkmark.png */ = {isa = PBXFileReference; lastKnownFileType = image.png; path = checkmark.png; sourceTree = "<group>"; };
		EB3E3B3F19A58F4500A768DD /* cross.png */ = {isa = PBXFileReference; lastKnownFileType = image.png; path = cross.png; sourceTree = "<group>"; };
		EB3E3B4019A58F4500A768DD /* element00.png */ = {isa = PBXFileReference; lastKnownFileType = image.png; path = element00.png; sourceTree = "<group>"; };
		EB3E3B4119A58F4500A768DD /* element01.png */ = {isa = PBXFileReference; lastKnownFileType = image.png; path = element01.png; sourceTree = "<group>"; };
		EB3E3B4219A58F4500A768DD /* element02.png */ = {isa = PBXFileReference; lastKnownFileType = image.png; path = element02.png; sourceTree = "<group>"; };
		EB3E3B4319A58F4500A768DD /* element03.png */ = {isa = PBXFileReference; lastKnownFileType = image.png; path = element03.png; sourceTree = "<group>"; };
		EB3E3B4419A58F4500A768DD /* element04.png */ = {isa = PBXFileReference; lastKnownFileType = image.png; path = element04.png; sourceTree = "<group>"; };
		EB3E3B4519A58F4500A768DD /* element05.png */ = {isa = PBXFileReference; lastKnownFileType = image.png; path = element05.png; sourceTree = "<group>"; };
		EB3E3B4619A58F4500A768DD /* element06.png */ = {isa = PBXFileReference; lastKnownFileType = image.png; path = element06.png; sourceTree = "<group>"; };
		EB3E3B4719A58F4500A768DD /* element07.png */ = {isa = PBXFileReference; lastKnownFileType = image.png; path = element07.png; sourceTree = "<group>"; };
		EB3E3B4819A58F4500A768DD /* element08.png */ = {isa = PBXFileReference; lastKnownFileType = image.png; path = element08.png; sourceTree = "<group>"; };
		EB3E3B4919A58F4500A768DD /* element09.png */ = {isa = PBXFileReference; lastKnownFileType = image.png; path = element09.png; sourceTree = "<group>"; };
		EB3E3B4A19A58F4500A768DD /* element10.png */ = {isa = PBXFileReference; lastKnownFileType = image.png; path = element10.png; sourceTree = "<group>"; };
		EB3E3B4B19A58F4500A768DD /* element11.png */ = {isa = PBXFileReference; lastKnownFileType = image.png; path = element11.png; sourceTree = "<group>"; };
		EB3E3B4C19A58F4500A768DD /* element12.png */ = {isa = PBXFileReference; lastKnownFileType = image.png; path = element12.png; sourceTree = "<group>"; };
		EB3E3B4D19A58F4500A768DD /* element13.png */ = {isa = PBXFileReference; lastKnownFileType = image.png; path = element13.png; sourceTree = "<group>"; };
		EB3E3B4E19A58F4500A768DD /* element14.png */ = {isa = PBXFileReference; lastKnownFileType = image.png; path = element14.png; sourceTree = "<group>"; };
		EB3E3B4F19A58F4500A768DD /* element15.png */ = {isa = PBXFileReference; lastKnownFileType = image.png; path = element15.png; sourceTree = "<group>"; };
		EB3E3B5019A58F4500A768DD /* element16.png */ = {isa = PBXFileReference; lastKnownFileType = image.png; path = element16.png; sourceTree = "<group>"; };
		EB3E3B5119A58F4500A768DD /* element17.png */ = {isa = PBXFileReference; lastKnownFileType = image.png; path = element17.png; sourceTree = "<group>"; };
		EB3E3B5219A58F4500A768DD /* element18.png */ = {isa = PBXFileReference; lastKnownFileType = image.png; path = element18.png; sourceTree = "<group>"; };
		EB3E3B5319A58F4500A768DD /* element19.png */ = {isa = PBXFileReference; lastKnownFileType = image.png; path = element19.png; sourceTree = "<group>"; };
		EB3E3B5419A58F4500A768DD /* element20.png */ = {isa = PBXFileReference; lastKnownFileType = image.png; path = element20.png; sourceTree = "<group>"; };
		EB3E3B5519A58F4500A768DD /* element21.png */ = {isa = PBXFileReference; lastKnownFileType = image.png; path = element21.png; sourceTree = "<group>"; };
		EB3E3B5619A58F4500A768DD /* element22.png */ = {isa = PBXFileReference; lastKnownFileType = image.png; path = element22.png; sourceTree = "<group>"; };
		EB3E3B5719A58F4500A768DD /* element23.png */ = {isa = PBXFileReference; lastKnownFileType = image.png; path = element23.png; sourceTree = "<group>"; };
		EB3E3B5819A58F4500A768DD /* element24.png */ = {isa = PBXFileReference; lastKnownFileType = image.png; path = element24.png; sourceTree = "<group>"; };
		EB3E3B5919A58F4500A768DD /* gamemodeEndless.png */ = {isa = PBXFileReference; lastKnownFileType = image.png; path = gamemodeEndless.png; sourceTree = "<group>"; };
		EB3E3B5A19A58F4500A768DD /* gamemodeTarget.png */ = {isa = PBXFileReference; lastKnownFileType = image.png; path = gamemodeTarget.png; sourceTree = "<group>"; };
		EB3E3B5B19A58F4500A768DD /* gamemodeTimer.png */ = {isa = PBXFileReference; lastKnownFileType = image.png; path = gamemodeTimer.png; sourceTree = "<group>"; };
		EB3E3B5C19A58F4500A768DD /* gamePlayer.png */ = {isa = PBXFileReference; lastKnownFileType = image.png; path = gamePlayer.png; sourceTree = "<group>"; };
		EB3E3B5E19A58F4500A768DD /* gamePoint.png */ = {isa = PBXFileReference; lastKnownFileType = image.png; path = gamePoint.png; sourceTree = "<group>"; };
		EB3E3B5F19A58F4500A768DD /* list.png */ = {isa = PBXFileReference; lastKnownFileType = image.png; path = list.png; sourceTree = "<group>"; };
		EB3E3B6019A58F4500A768DD /* logo.png */ = {isa = PBXFileReference; lastKnownFileType = image.png; path = logo.png; sourceTree = "<group>"; };
		EB3E3B6119A58F4500A768DD /* medal.png */ = {isa = PBXFileReference; lastKnownFileType = image.png; path = medal.png; sourceTree = "<group>"; };
		EB3E3B6219A58F4500A768DD /* menu.png */ = {isa = PBXFileReference; lastKnownFileType = image.png; path = menu.png; sourceTree = "<group>"; };
		EB3E3B6319A58F4500A768DD /* multiGreen.png */ = {isa = PBXFileReference; lastKnownFileType = image.png; path = multiGreen.png; sourceTree = "<group>"; };
		EB3E3B6419A58F4500A768DD /* multiWhite.png */ = {isa = PBXFileReference; lastKnownFileType = image.png; path = multiWhite.png; sourceTree = "<group>"; };
		EB3E3B6519A58F4500A768DD /* singleGreen.png */ = {isa = PBXFileReference; lastKnownFileType = image.png; path = singleGreen.png; sourceTree = "<group>"; };
		EB3E3B6619A58F4500A768DD /* singleWhite.png */ = {isa = PBXFileReference; lastKnownFileType = image.png; path = singleWhite.png; sourceTree = "<group>"; };
		EB3E3B6719A58F4500A768DD /* statistics.png */ = {isa = PBXFileReference; lastKnownFileType = image.png; path = statistics.png; sourceTree = "<group>"; };
		EB3E3B6819A58F4500A768DD /* timerSmall.png */ = {isa = PBXFileReference; lastKnownFileType = image.png; path = timerSmall.png; sourceTree = "<group>"; };
		EB3E3B6919A58F4500A768DD /* userLocation.png */ = {isa = PBXFileReference; lastKnownFileType = image.png; path = userLocation.png; sourceTree = "<group>"; };
		EB3E3B6A19A58F4500A768DD /* warning.png */ = {isa = PBXFileReference; lastKnownFileType = image.png; path = warning.png; sourceTree = "<group>"; };
		EB3E3B6C19A58F4500A768DD /* Default-568h@2x.png */ = {isa = PBXFileReference; lastKnownFileType = image.png; path = "Default-568h@2x.png"; sourceTree = "<group>"; };
		EB3E3B6D19A58F4500A768DD /* Default.png */ = {isa = PBXFileReference; lastKnownFileType = image.png; path = Default.png; sourceTree = "<group>"; };
		EB3E3B6E19A58F4500A768DD /* Default@2x.png */ = {isa = PBXFileReference; lastKnownFileType = image.png; path = "Default@2x.png"; sourceTree = "<group>"; };
		EB3E3B7019A58F4500A768DD /* Functions.h */ = {isa = PBXFileReference; fileEncoding = 4; lastKnownFileType = sourcecode.c.h; path = Functions.h; sourceTree = "<group>"; };
		EB3E3B7119A58F4500A768DD /* Functions.m */ = {isa = PBXFileReference; fileEncoding = 4; lastKnownFileType = sourcecode.c.objc; path = Functions.m; sourceTree = "<group>"; };
		EB3E3B7219A58F4500A768DD /* GCHelper.h */ = {isa = PBXFileReference; fileEncoding = 4; lastKnownFileType = sourcecode.c.h; path = GCHelper.h; sourceTree = "<group>"; };
		EB3E3B7319A58F4500A768DD /* GCHelper.m */ = {isa = PBXFileReference; fileEncoding = 4; lastKnownFileType = sourcecode.c.objc; path = GCHelper.m; sourceTree = "<group>"; };
		EB3E3B7419A58F4500A768DD /* ObjectiveBridge.h */ = {isa = PBXFileReference; fileEncoding = 4; lastKnownFileType = sourcecode.c.h; path = ObjectiveBridge.h; sourceTree = "<group>"; };
		EB3E3B7519A58F4500A768DD /* ObjectiveBridge.m */ = {isa = PBXFileReference; fileEncoding = 4; lastKnownFileType = sourcecode.c.objc; path = ObjectiveBridge.m; sourceTree = "<group>"; };
		EB3E3B7719A58F4500A768DD /* AlertView.swift */ = {isa = PBXFileReference; fileEncoding = 4; lastKnownFileType = sourcecode.swift; path = AlertView.swift; sourceTree = "<group>"; };
		EB3E3B7819A58F4500A768DD /* GameViewController.swift */ = {isa = PBXFileReference; fileEncoding = 4; lastKnownFileType = sourcecode.swift; path = GameViewController.swift; sourceTree = "<group>"; };
		EB3E3B7919A58F4500A768DD /* MenuView.swift */ = {isa = PBXFileReference; fileEncoding = 4; lastKnownFileType = sourcecode.swift; path = MenuView.swift; sourceTree = "<group>"; };
		EB3E3B7A19A58F4500A768DD /* MenuViewController.swift */ = {isa = PBXFileReference; fileEncoding = 4; lastKnownFileType = sourcecode.swift; path = MenuViewController.swift; sourceTree = "<group>"; };
		EB67142E19D46BD700E0EF63 /* MultiplayerViewController.swift */ = {isa = PBXFileReference; fileEncoding = 4; lastKnownFileType = sourcecode.swift; path = MultiplayerViewController.swift; sourceTree = "<group>"; };
		EB67143419D4746E00E0EF63 /* gamemodeRace.png */ = {isa = PBXFileReference; lastKnownFileType = image.png; path = gamemodeRace.png; sourceTree = "<group>"; };
		EB67508519A58DE4007D8EA1 /* PointRun.app */ = {isa = PBXFileReference; explicitFileType = wrapper.application; includeInIndex = 0; path = PointRun.app; sourceTree = BUILT_PRODUCTS_DIR; };
		EB67508919A58DE4007D8EA1 /* Info.plist */ = {isa = PBXFileReference; lastKnownFileType = text.plist.xml; path = Info.plist; sourceTree = "<group>"; };
		EB67508A19A58DE4007D8EA1 /* AppDelegate.swift */ = {isa = PBXFileReference; lastKnownFileType = sourcecode.swift; path = AppDelegate.swift; sourceTree = "<group>"; };
		EB67508F19A58DE4007D8EA1 /* Base */ = {isa = PBXFileReference; lastKnownFileType = file.storyboard; name = Base; path = Base.lproj/Main.storyboard; sourceTree = "<group>"; };
		EB67509119A58DE4007D8EA1 /* Images.xcassets */ = {isa = PBXFileReference; lastKnownFileType = folder.assetcatalog; path = Images.xcassets; sourceTree = "<group>"; };
		EB67509719A58DE4007D8EA1 /* PointRunTests.xctest */ = {isa = PBXFileReference; explicitFileType = wrapper.cfbundle; includeInIndex = 0; path = PointRunTests.xctest; sourceTree = BUILT_PRODUCTS_DIR; };
		EB67509C19A58DE4007D8EA1 /* Info.plist */ = {isa = PBXFileReference; lastKnownFileType = text.plist.xml; path = Info.plist; sourceTree = "<group>"; };
		EB67509D19A58DE4007D8EA1 /* PointRunTests.swift */ = {isa = PBXFileReference; lastKnownFileType = sourcecode.swift; path = PointRunTests.swift; sourceTree = "<group>"; };
		EBCEC8FE19D39E67005E301B /* Communication.swift */ = {isa = PBXFileReference; fileEncoding = 4; lastKnownFileType = sourcecode.swift; path = Communication.swift; sourceTree = "<group>"; };
		EBCEC90019D3A9C4005E301B /* Player.swift */ = {isa = PBXFileReference; fileEncoding = 4; lastKnownFileType = sourcecode.swift; path = Player.swift; sourceTree = "<group>"; };
		FBC3627616B4498E81B618B1 /* Pods.xcconfig */ = {isa = PBXFileReference; includeInIndex = 1; lastKnownFileType = text.xcconfig; name = Pods.xcconfig; path = Pods/Pods.xcconfig; sourceTree = "<group>"; };
/* End PBXFileReference section */

/* Begin PBXFrameworksBuildPhase section */
		EB67508219A58DE4007D8EA1 /* Frameworks */ = {
			isa = PBXFrameworksBuildPhase;
			buildActionMask = 2147483647;
			files = (
				ECCBB732D96B4ADFAE3D925F /* libPods.a in Frameworks */,
			);
			runOnlyForDeploymentPostprocessing = 0;
		};
		EB67509419A58DE4007D8EA1 /* Frameworks */ = {
			isa = PBXFrameworksBuildPhase;
			buildActionMask = 2147483647;
			files = (
			);
			runOnlyForDeploymentPostprocessing = 0;
		};
/* End PBXFrameworksBuildPhase section */

/* Begin PBXGroup section */
		9946EF8937E8416C85716C44 /* Frameworks */ = {
			isa = PBXGroup;
			children = (
				4B7AEF9618E647448D8ED79E /* libPods.a */,
			);
			name = Frameworks;
			sourceTree = "<group>";
		};
		EB3E3B2A19A58F4500A768DD /* assets */ = {
			isa = PBXGroup;
			children = (
				EB3E3B2B19A58F4500A768DD /* fonts */,
				EB3E3B2D19A58F4500A768DD /* icon */,
				EB3E3B3C19A58F4500A768DD /* images */,
				EB3E3B6B19A58F4500A768DD /* startup */,
			);
			path = assets;
			sourceTree = "<group>";
		};
		EB3E3B2B19A58F4500A768DD /* fonts */ = {
			isa = PBXGroup;
			children = (
				EB3E3B2C19A58F4500A768DD /* OpenSans-Regular.ttf */,
			);
			path = fonts;
			sourceTree = "<group>";
		};
		EB3E3B2D19A58F4500A768DD /* icon */ = {
			isa = PBXGroup;
			children = (
				EB3E3B2E19A58F4500A768DD /* 100.png */,
				EB3E3B2F19A58F4500A768DD /* 1024.png */,
				EB3E3B3019A58F4500A768DD /* 114.png */,
				EB3E3B3119A58F4500A768DD /* 120.png */,
				EB3E3B3219A58F4500A768DD /* 144.png */,
				EB3E3B3319A58F4500A768DD /* 152.png */,
				EB3E3B3419A58F4500A768DD /* 29.png */,
				EB3E3B3519A58F4500A768DD /* 40.png */,
				EB3E3B3619A58F4500A768DD /* 50.png */,
				EB3E3B3719A58F4500A768DD /* 57.png */,
				EB3E3B3819A58F4500A768DD /* 58.png */,
				EB3E3B3919A58F4500A768DD /* 72.png */,
				EB3E3B3A19A58F4500A768DD /* 76.png */,
				EB3E3B3B19A58F4500A768DD /* 80.png */,
			);
			path = icon;
			sourceTree = "<group>";
		};
		EB3E3B3C19A58F4500A768DD /* images */ = {
			isa = PBXGroup;
			children = (
				EB3E3B3D19A58F4500A768DD /* back.png */,
				EB3E3B3E19A58F4500A768DD /* checkmark.png */,
				EB3E3B3F19A58F4500A768DD /* cross.png */,
				EB3E3B4019A58F4500A768DD /* element00.png */,
				EB3E3B4119A58F4500A768DD /* element01.png */,
				EB3E3B4219A58F4500A768DD /* element02.png */,
				EB3E3B4319A58F4500A768DD /* element03.png */,
				EB3E3B4419A58F4500A768DD /* element04.png */,
				EB3E3B4519A58F4500A768DD /* element05.png */,
				EB3E3B4619A58F4500A768DD /* element06.png */,
				EB3E3B4719A58F4500A768DD /* element07.png */,
				EB3E3B4819A58F4500A768DD /* element08.png */,
				EB3E3B4919A58F4500A768DD /* element09.png */,
				EB3E3B4A19A58F4500A768DD /* element10.png */,
				EB3E3B4B19A58F4500A768DD /* element11.png */,
				EB3E3B4C19A58F4500A768DD /* element12.png */,
				EB3E3B4D19A58F4500A768DD /* element13.png */,
				EB3E3B4E19A58F4500A768DD /* element14.png */,
				EB3E3B4F19A58F4500A768DD /* element15.png */,
				EB3E3B5019A58F4500A768DD /* element16.png */,
				EB3E3B5119A58F4500A768DD /* element17.png */,
				EB3E3B5219A58F4500A768DD /* element18.png */,
				EB3E3B5319A58F4500A768DD /* element19.png */,
				EB3E3B5419A58F4500A768DD /* element20.png */,
				EB3E3B5519A58F4500A768DD /* element21.png */,
				EB3E3B5619A58F4500A768DD /* element22.png */,
				EB3E3B5719A58F4500A768DD /* element23.png */,
				EB3E3B5819A58F4500A768DD /* element24.png */,
				EB3E3B5919A58F4500A768DD /* gamemodeEndless.png */,
				EB67143419D4746E00E0EF63 /* gamemodeRace.png */,
				EB3E3B5A19A58F4500A768DD /* gamemodeTarget.png */,
				EB3E3B5B19A58F4500A768DD /* gamemodeTimer.png */,
				EB3E3B5C19A58F4500A768DD /* gamePlayer.png */,
				EB3E3B5E19A58F4500A768DD /* gamePoint.png */,
				EB3E3B5F19A58F4500A768DD /* list.png */,
				EB3E3B6019A58F4500A768DD /* logo.png */,
				EB3E3B6119A58F4500A768DD /* medal.png */,
				EB3E3B6219A58F4500A768DD /* menu.png */,
				EB3E3B6319A58F4500A768DD /* multiGreen.png */,
				EB3E3B6419A58F4500A768DD /* multiWhite.png */,
				EB3E3B6519A58F4500A768DD /* singleGreen.png */,
				EB3E3B6619A58F4500A768DD /* singleWhite.png */,
				EB3E3B6719A58F4500A768DD /* statistics.png */,
				EB3E3B6819A58F4500A768DD /* timerSmall.png */,
				EB3E3B6919A58F4500A768DD /* userLocation.png */,
				EB3E3B6A19A58F4500A768DD /* warning.png */,
			);
			path = images;
			sourceTree = "<group>";
		};
		EB3E3B6B19A58F4500A768DD /* startup */ = {
			isa = PBXGroup;
			children = (
				EB3E3B6C19A58F4500A768DD /* Default-568h@2x.png */,
				EB3E3B6D19A58F4500A768DD /* Default.png */,
				EB3E3B6E19A58F4500A768DD /* Default@2x.png */,
			);
			path = startup;
			sourceTree = "<group>";
		};
		EB3E3B6F19A58F4500A768DD /* util */ = {
			isa = PBXGroup;
			children = (
				EB3E3B7019A58F4500A768DD /* Functions.h */,
				EB3E3B7119A58F4500A768DD /* Functions.m */,
				EB3E3B7219A58F4500A768DD /* GCHelper.h */,
				EB3E3B7319A58F4500A768DD /* GCHelper.m */,
				EB3E3B7419A58F4500A768DD /* ObjectiveBridge.h */,
				EB3E3B7519A58F4500A768DD /* ObjectiveBridge.m */,
				EBCEC8FE19D39E67005E301B /* Communication.swift */,
				EBCEC90019D3A9C4005E301B /* Player.swift */,
			);
			path = util;
			sourceTree = "<group>";
		};
		EB3E3B7619A58F4500A768DD /* views */ = {
			isa = PBXGroup;
			children = (
				EB3E3B7719A58F4500A768DD /* AlertView.swift */,
				EB3E3B7819A58F4500A768DD /* GameViewController.swift */,
				EB3E3B7919A58F4500A768DD /* MenuView.swift */,
				EB3E3B7A19A58F4500A768DD /* MenuViewController.swift */,
				EB67142E19D46BD700E0EF63 /* MultiplayerViewController.swift */,
			);
			path = views;
			sourceTree = "<group>";
		};
		EB67507C19A58DE4007D8EA1 = {
			isa = PBXGroup;
			children = (
				EB67508719A58DE4007D8EA1 /* PointRun */,
				EB67509A19A58DE4007D8EA1 /* PointRunTests */,
				EB67508619A58DE4007D8EA1 /* Products */,
				FBC3627616B4498E81B618B1 /* Pods.xcconfig */,
				9946EF8937E8416C85716C44 /* Frameworks */,
			);
			sourceTree = "<group>";
		};
		EB67508619A58DE4007D8EA1 /* Products */ = {
			isa = PBXGroup;
			children = (
				EB67508519A58DE4007D8EA1 /* PointRun.app */,
				EB67509719A58DE4007D8EA1 /* PointRunTests.xctest */,
			);
			name = Products;
			sourceTree = "<group>";
		};
		EB67508719A58DE4007D8EA1 /* PointRun */ = {
			isa = PBXGroup;
			children = (
				EB3E3B2A19A58F4500A768DD /* assets */,
				EB3E3B6F19A58F4500A768DD /* util */,
				EB3E3B7619A58F4500A768DD /* views */,
				EB67508A19A58DE4007D8EA1 /* AppDelegate.swift */,
				EB67508E19A58DE4007D8EA1 /* Main.storyboard */,
				EB67509119A58DE4007D8EA1 /* Images.xcassets */,
				EB67508819A58DE4007D8EA1 /* Supporting Files */,
				EB3E3B2819A58F3A00A768DD /* Common.swift */,
			);
			path = PointRun;
			sourceTree = "<group>";
		};
		EB67508819A58DE4007D8EA1 /* Supporting Files */ = {
			isa = PBXGroup;
			children = (
				EB67508919A58DE4007D8EA1 /* Info.plist */,
			);
			name = "Supporting Files";
			sourceTree = "<group>";
		};
		EB67509A19A58DE4007D8EA1 /* PointRunTests */ = {
			isa = PBXGroup;
			children = (
				EB67509D19A58DE4007D8EA1 /* PointRunTests.swift */,
				EB67509B19A58DE4007D8EA1 /* Supporting Files */,
			);
			path = PointRunTests;
			sourceTree = "<group>";
		};
		EB67509B19A58DE4007D8EA1 /* Supporting Files */ = {
			isa = PBXGroup;
			children = (
				EB67509C19A58DE4007D8EA1 /* Info.plist */,
			);
			name = "Supporting Files";
			sourceTree = "<group>";
		};
/* End PBXGroup section */

/* Begin PBXNativeTarget section */
		EB67508419A58DE4007D8EA1 /* PointRun */ = {
			isa = PBXNativeTarget;
			buildConfigurationList = EB6750A119A58DE4007D8EA1 /* Build configuration list for PBXNativeTarget "PointRun" */;
			buildPhases = (
				9AD63BA76CF44FBFB7623ECA /* Check Pods Manifest.lock */,
				EB67508119A58DE4007D8EA1 /* Sources */,
				EB67508219A58DE4007D8EA1 /* Frameworks */,
				EB67508319A58DE4007D8EA1 /* Resources */,
				EBF4D94A88B54A3FAB862B0D /* Copy Pods Resources */,
			);
			buildRules = (
			);
			dependencies = (
			);
			name = PointRun;
			productName = PointRun;
			productReference = EB67508519A58DE4007D8EA1 /* PointRun.app */;
			productType = "com.apple.product-type.application";
		};
		EB67509619A58DE4007D8EA1 /* PointRunTests */ = {
			isa = PBXNativeTarget;
			buildConfigurationList = EB6750A419A58DE4007D8EA1 /* Build configuration list for PBXNativeTarget "PointRunTests" */;
			buildPhases = (
				EB67509319A58DE4007D8EA1 /* Sources */,
				EB67509419A58DE4007D8EA1 /* Frameworks */,
				EB67509519A58DE4007D8EA1 /* Resources */,
			);
			buildRules = (
			);
			dependencies = (
				EB67509919A58DE4007D8EA1 /* PBXTargetDependency */,
			);
			name = PointRunTests;
			productName = PointRunTests;
			productReference = EB67509719A58DE4007D8EA1 /* PointRunTests.xctest */;
			productType = "com.apple.product-type.bundle.unit-test";
		};
/* End PBXNativeTarget section */

/* Begin PBXProject section */
		EB67507D19A58DE4007D8EA1 /* Project object */ = {
			isa = PBXProject;
			attributes = {
				LastUpgradeCheck = 0600;
				ORGANIZATIONNAME = CosmicByte;
				TargetAttributes = {
					EB67508419A58DE4007D8EA1 = {
						CreatedOnToolsVersion = 6.0;
						DevelopmentTeam = JDJKS788L2;
					};
					EB67509619A58DE4007D8EA1 = {
						CreatedOnToolsVersion = 6.0;
						TestTargetID = EB67508419A58DE4007D8EA1;
					};
				};
			};
			buildConfigurationList = EB67508019A58DE4007D8EA1 /* Build configuration list for PBXProject "PointRun" */;
			compatibilityVersion = "Xcode 3.2";
			developmentRegion = English;
			hasScannedForEncodings = 0;
			knownRegions = (
				en,
				Base,
			);
			mainGroup = EB67507C19A58DE4007D8EA1;
			productRefGroup = EB67508619A58DE4007D8EA1 /* Products */;
			projectDirPath = "";
			projectRoot = "";
			targets = (
				EB67508419A58DE4007D8EA1 /* PointRun */,
				EB67509619A58DE4007D8EA1 /* PointRunTests */,
			);
		};
/* End PBXProject section */

/* Begin PBXResourcesBuildPhase section */
		EB67508319A58DE4007D8EA1 /* Resources */ = {
			isa = PBXResourcesBuildPhase;
			buildActionMask = 2147483647;
			files = (
				EB3E3B8719A58F4500A768DD /* 72.png in Resources */,
				EB3E3B9719A58F4500A768DD /* element10.png in Resources */,
				EB3E3B9519A58F4500A768DD /* element08.png in Resources */,
				EB3E3BB219A58F4500A768DD /* singleGreen.png in Resources */,
				EB3E3B8519A58F4500A768DD /* 57.png in Resources */,
				EB3E3B9C19A58F4500A768DD /* element15.png in Resources */,
				EB3E3B8A19A58F4500A768DD /* back.png in Resources */,
				EB3E3B8319A58F4500A768DD /* 40.png in Resources */,
				EB3E3BA219A58F4500A768DD /* element21.png in Resources */,
				EB3E3B9D19A58F4500A768DD /* element16.png in Resources */,
				EB3E3BB519A58F4500A768DD /* timerSmall.png in Resources */,
				EB3E3B8219A58F4500A768DD /* 29.png in Resources */,
				EB3E3B9419A58F4500A768DD /* element07.png in Resources */,
				EB3E3B8119A58F4500A768DD /* 152.png in Resources */,
				EB3E3BB619A58F4500A768DD /* userLocation.png in Resources */,
				EB3E3BA719A58F4500A768DD /* gamemodeTarget.png in Resources */,
				EB3E3B7E19A58F4500A768DD /* 114.png in Resources */,
				EB3E3BA319A58F4500A768DD /* element22.png in Resources */,
				EB3E3B9319A58F4500A768DD /* element06.png in Resources */,
				EB3E3B8819A58F4500A768DD /* 76.png in Resources */,
				EB3E3B9E19A58F4500A768DD /* element17.png in Resources */,
				EB3E3B9819A58F4500A768DD /* element11.png in Resources */,
				EB3E3B9B19A58F4500A768DD /* element14.png in Resources */,
				EB67509019A58DE4007D8EA1 /* Main.storyboard in Resources */,
				EB3E3B8E19A58F4500A768DD /* element01.png in Resources */,
				EB3E3B9619A58F4500A768DD /* element09.png in Resources */,
				EB3E3B7B19A58F4500A768DD /* OpenSans-Regular.ttf in Resources */,
				EB3E3B8F19A58F4500A768DD /* element02.png in Resources */,
				EB3E3BA119A58F4500A768DD /* element20.png in Resources */,
				EB3E3BB319A58F4500A768DD /* singleWhite.png in Resources */,
				EB3E3BAE19A58F4500A768DD /* medal.png in Resources */,
				EB3E3B8C19A58F4500A768DD /* cross.png in Resources */,
				EB3E3BB719A58F4500A768DD /* warning.png in Resources */,
				EB3E3BAD19A58F4500A768DD /* logo.png in Resources */,
				EB3E3B9019A58F4500A768DD /* element03.png in Resources */,
				EB3E3B8419A58F4500A768DD /* 50.png in Resources */,
				EB3E3BA519A58F4500A768DD /* element24.png in Resources */,
				EB3E3B8619A58F4500A768DD /* 58.png in Resources */,
				EB3E3B9919A58F4500A768DD /* element12.png in Resources */,
				EB3E3B8019A58F4500A768DD /* 144.png in Resources */,
				EB3E3BA019A58F4500A768DD /* element19.png in Resources */,
				EB67143519D4746E00E0EF63 /* gamemodeRace.png in Resources */,
				EB3E3BA919A58F4500A768DD /* gamePlayer.png in Resources */,
				EB3E3B9F19A58F4500A768DD /* element18.png in Resources */,
				EB3E3B8919A58F4500A768DD /* 80.png in Resources */,
				EB3E3BB819A58F4500A768DD /* Default-568h@2x.png in Resources */,
				EB3E3BA819A58F4500A768DD /* gamemodeTimer.png in Resources */,
				EB3E3BAF19A58F4500A768DD /* menu.png in Resources */,
				EB3E3BB419A58F4500A768DD /* statistics.png in Resources */,
				EB3E3BA619A58F4500A768DD /* gamemodeEndless.png in Resources */,
				EB3E3B7D19A58F4500A768DD /* 1024.png in Resources */,
				EB3E3BA419A58F4500A768DD /* element23.png in Resources */,
				EB3E3BB019A58F4500A768DD /* multiGreen.png in Resources */,
				EB3E3B7F19A58F4500A768DD /* 120.png in Resources */,
				EB3E3BAC19A58F4500A768DD /* list.png in Resources */,
				EB3E3BAB19A58F4500A768DD /* gamePoint.png in Resources */,
				EB67509219A58DE4007D8EA1 /* Images.xcassets in Resources */,
				EB3E3B7C19A58F4500A768DD /* 100.png in Resources */,
				EB3E3B8D19A58F4500A768DD /* element00.png in Resources */,
				EB3E3BB919A58F4500A768DD /* Default.png in Resources */,
				EB3E3BBA19A58F4500A768DD /* Default@2x.png in Resources */,
				EB3E3B9A19A58F4500A768DD /* element13.png in Resources */,
				EB3E3B9119A58F4500A768DD /* element04.png in Resources */,
				EB3E3BB119A58F4500A768DD /* multiWhite.png in Resources */,
				EB3E3B8B19A58F4500A768DD /* checkmark.png in Resources */,
				EB3E3B9219A58F4500A768DD /* element05.png in Resources */,
			);
			runOnlyForDeploymentPostprocessing = 0;
		};
		EB67509519A58DE4007D8EA1 /* Resources */ = {
			isa = PBXResourcesBuildPhase;
			buildActionMask = 2147483647;
			files = (
			);
			runOnlyForDeploymentPostprocessing = 0;
		};
/* End PBXResourcesBuildPhase section */

/* Begin PBXShellScriptBuildPhase section */
		9AD63BA76CF44FBFB7623ECA /* Check Pods Manifest.lock */ = {
			isa = PBXShellScriptBuildPhase;
			buildActionMask = 2147483647;
			files = (
			);
			inputPaths = (
			);
			name = "Check Pods Manifest.lock";
			outputPaths = (
			);
			runOnlyForDeploymentPostprocessing = 0;
			shellPath = /bin/sh;
			shellScript = "diff \"${PODS_ROOT}/../Podfile.lock\" \"${PODS_ROOT}/Manifest.lock\" > /dev/null\nif [[ $? != 0 ]] ; then\n    cat << EOM\nerror: The sandbox is not in sync with the Podfile.lock. Run 'pod install' or update your CocoaPods installation.\nEOM\n    exit 1\nfi\n";
			showEnvVarsInLog = 0;
		};
		EBF4D94A88B54A3FAB862B0D /* Copy Pods Resources */ = {
			isa = PBXShellScriptBuildPhase;
			buildActionMask = 2147483647;
			files = (
			);
			inputPaths = (
			);
			name = "Copy Pods Resources";
			outputPaths = (
			);
			runOnlyForDeploymentPostprocessing = 0;
			shellPath = /bin/sh;
			shellScript = "\"${SRCROOT}/Pods/Pods-resources.sh\"\n";
			showEnvVarsInLog = 0;
		};
/* End PBXShellScriptBuildPhase section */

/* Begin PBXSourcesBuildPhase section */
		EB67508119A58DE4007D8EA1 /* Sources */ = {
			isa = PBXSourcesBuildPhase;
			buildActionMask = 2147483647;
			files = (
				EBCEC90119D3A9C4005E301B /* Player.swift in Sources */,
				EB67142F19D46BD700E0EF63 /* MultiplayerViewController.swift in Sources */,
				EB3E3BBF19A58F4500A768DD /* GameViewController.swift in Sources */,
				EB3E3BC019A58F4500A768DD /* MenuView.swift in Sources */,
				EB3E3BBB19A58F4500A768DD /* Functions.m in Sources */,
				EB3E3B2919A58F3A00A768DD /* Common.swift in Sources */,
				EB3E3BC119A58F4500A768DD /* MenuViewController.swift in Sources */,
				EB3E3BBD19A58F4500A768DD /* ObjectiveBridge.m in Sources */,
				EBCEC8FF19D39E67005E301B /* Communication.swift in Sources */,
				EB67508B19A58DE4007D8EA1 /* AppDelegate.swift in Sources */,
				EB3E3BBC19A58F4500A768DD /* GCHelper.m in Sources */,
				EB3E3BBE19A58F4500A768DD /* AlertView.swift in Sources */,
			);
			runOnlyForDeploymentPostprocessing = 0;
		};
		EB67509319A58DE4007D8EA1 /* Sources */ = {
			isa = PBXSourcesBuildPhase;
			buildActionMask = 2147483647;
			files = (
				EB67509E19A58DE4007D8EA1 /* PointRunTests.swift in Sources */,
			);
			runOnlyForDeploymentPostprocessing = 0;
		};
/* End PBXSourcesBuildPhase section */

/* Begin PBXTargetDependency section */
		EB67509919A58DE4007D8EA1 /* PBXTargetDependency */ = {
			isa = PBXTargetDependency;
			target = EB67508419A58DE4007D8EA1 /* PointRun */;
			targetProxy = EB67509819A58DE4007D8EA1 /* PBXContainerItemProxy */;
		};
/* End PBXTargetDependency section */

/* Begin PBXVariantGroup section */
		EB67508E19A58DE4007D8EA1 /* Main.storyboard */ = {
			isa = PBXVariantGroup;
			children = (
				EB67508F19A58DE4007D8EA1 /* Base */,
			);
			name = Main.storyboard;
			sourceTree = "<group>";
		};
/* End PBXVariantGroup section */

/* Begin XCBuildConfiguration section */
		EB67509F19A58DE4007D8EA1 /* Debug */ = {
			isa = XCBuildConfiguration;
			buildSettings = {
				ALWAYS_SEARCH_USER_PATHS = NO;
				CLANG_CXX_LANGUAGE_STANDARD = "gnu++0x";
				CLANG_CXX_LIBRARY = "libc++";
				CLANG_ENABLE_MODULES = YES;
				CLANG_ENABLE_OBJC_ARC = YES;
				CLANG_WARN_BOOL_CONVERSION = YES;
				CLANG_WARN_CONSTANT_CONVERSION = YES;
				CLANG_WARN_DIRECT_OBJC_ISA_USAGE = YES_ERROR;
				CLANG_WARN_EMPTY_BODY = YES;
				CLANG_WARN_ENUM_CONVERSION = YES;
				CLANG_WARN_INT_CONVERSION = YES;
				CLANG_WARN_OBJC_ROOT_CLASS = YES_ERROR;
				CLANG_WARN_UNREACHABLE_CODE = YES;
				CLANG_WARN__DUPLICATE_METHOD_MATCH = YES;
				"CODE_SIGN_IDENTITY[sdk=iphoneos*]" = "iPhone Developer";
				COPY_PHASE_STRIP = NO;
				ENABLE_STRICT_OBJC_MSGSEND = YES;
				GCC_C_LANGUAGE_STANDARD = gnu99;
				GCC_DYNAMIC_NO_PIC = NO;
				GCC_OPTIMIZATION_LEVEL = 0;
				GCC_PREPROCESSOR_DEFINITIONS = (
					"DEBUG=1",
					"$(inherited)",
				);
				GCC_SYMBOLS_PRIVATE_EXTERN = NO;
				GCC_WARN_64_TO_32_BIT_CONVERSION = YES;
				GCC_WARN_ABOUT_RETURN_TYPE = YES_ERROR;
				GCC_WARN_UNDECLARED_SELECTOR = YES;
				GCC_WARN_UNINITIALIZED_AUTOS = YES_AGGRESSIVE;
				GCC_WARN_UNUSED_FUNCTION = YES;
				GCC_WARN_UNUSED_VARIABLE = YES;
				IPHONEOS_DEPLOYMENT_TARGET = 8.0;
				MTL_ENABLE_DEBUG_INFO = YES;
				ONLY_ACTIVE_ARCH = YES;
				SDKROOT = iphoneos;
				SWIFT_OPTIMIZATION_LEVEL = "-Onone";
			};
			name = Debug;
		};
		EB6750A019A58DE4007D8EA1 /* Release */ = {
			isa = XCBuildConfiguration;
			buildSettings = {
				ALWAYS_SEARCH_USER_PATHS = NO;
				CLANG_CXX_LANGUAGE_STANDARD = "gnu++0x";
				CLANG_CXX_LIBRARY = "libc++";
				CLANG_ENABLE_MODULES = YES;
				CLANG_ENABLE_OBJC_ARC = YES;
				CLANG_WARN_BOOL_CONVERSION = YES;
				CLANG_WARN_CONSTANT_CONVERSION = YES;
				CLANG_WARN_DIRECT_OBJC_ISA_USAGE = YES_ERROR;
				CLANG_WARN_EMPTY_BODY = YES;
				CLANG_WARN_ENUM_CONVERSION = YES;
				CLANG_WARN_INT_CONVERSION = YES;
				CLANG_WARN_OBJC_ROOT_CLASS = YES_ERROR;
				CLANG_WARN_UNREACHABLE_CODE = YES;
				CLANG_WARN__DUPLICATE_METHOD_MATCH = YES;
				"CODE_SIGN_IDENTITY[sdk=iphoneos*]" = "iPhone Developer";
				COPY_PHASE_STRIP = YES;
				ENABLE_NS_ASSERTIONS = NO;
				ENABLE_STRICT_OBJC_MSGSEND = YES;
				GCC_C_LANGUAGE_STANDARD = gnu99;
				GCC_WARN_64_TO_32_BIT_CONVERSION = YES;
				GCC_WARN_ABOUT_RETURN_TYPE = YES_ERROR;
				GCC_WARN_UNDECLARED_SELECTOR = YES;
				GCC_WARN_UNINITIALIZED_AUTOS = YES_AGGRESSIVE;
				GCC_WARN_UNUSED_FUNCTION = YES;
				GCC_WARN_UNUSED_VARIABLE = YES;
				IPHONEOS_DEPLOYMENT_TARGET = 8.0;
				MTL_ENABLE_DEBUG_INFO = NO;
				SDKROOT = iphoneos;
				VALIDATE_PRODUCT = YES;
			};
			name = Release;
		};
		EB6750A219A58DE4007D8EA1 /* Debug */ = {
			isa = XCBuildConfiguration;
			baseConfigurationReference = FBC3627616B4498E81B618B1 /* Pods.xcconfig */;
			buildSettings = {
				ASSETCATALOG_COMPILER_APPICON_NAME = AppIcon;
				ASSETCATALOG_COMPILER_LAUNCHIMAGE_NAME = LaunchImage;
				CODE_SIGN_IDENTITY = "iPhone Developer";
				INFOPLIST_FILE = PointRun/Info.plist;
				IPHONEOS_DEPLOYMENT_TARGET = 7.0;
				LD_RUNPATH_SEARCH_PATHS = "$(inherited) @executable_path/Frameworks";
				PRODUCT_NAME = "$(TARGET_NAME)";
				SWIFT_OBJC_BRIDGING_HEADER = PointRun/util/ObjectiveBridge.h;
			};
			name = Debug;
		};
		EB6750A319A58DE4007D8EA1 /* Release */ = {
			isa = XCBuildConfiguration;
			baseConfigurationReference = FBC3627616B4498E81B618B1 /* Pods.xcconfig */;
			buildSettings = {
				ASSETCATALOG_COMPILER_APPICON_NAME = AppIcon;
				ASSETCATALOG_COMPILER_LAUNCHIMAGE_NAME = LaunchImage;
				CODE_SIGN_IDENTITY = "iPhone Developer";
				INFOPLIST_FILE = PointRun/Info.plist;
				IPHONEOS_DEPLOYMENT_TARGET = 7.0;
				LD_RUNPATH_SEARCH_PATHS = "$(inherited) @executable_path/Frameworks";
				PRODUCT_NAME = "$(TARGET_NAME)";
				SWIFT_OBJC_BRIDGING_HEADER = PointRun/util/ObjectiveBridge.h;
			};
			name = Release;
		};
		EB6750A519A58DE4007D8EA1 /* Debug */ = {
			isa = XCBuildConfiguration;
			buildSettings = {
				BUNDLE_LOADER = "$(TEST_HOST)";
				FRAMEWORK_SEARCH_PATHS = (
					"$(SDKROOT)/Developer/Library/Frameworks",
					"$(inherited)",
				);
				GCC_PREPROCESSOR_DEFINITIONS = (
					"DEBUG=1",
					"$(inherited)",
				);
				INFOPLIST_FILE = PointRunTests/Info.plist;
				LD_RUNPATH_SEARCH_PATHS = "$(inherited) @executable_path/Frameworks @loader_path/Frameworks";
				PRODUCT_NAME = "$(TARGET_NAME)";
				TEST_HOST = "$(BUILT_PRODUCTS_DIR)/PointRun.app/PointRun";
			};
			name = Debug;
		};
		EB6750A619A58DE4007D8EA1 /* Release */ = {
			isa = XCBuildConfiguration;
			buildSettings = {
				BUNDLE_LOADER = "$(TEST_HOST)";
				FRAMEWORK_SEARCH_PATHS = (
					"$(SDKROOT)/Developer/Library/Frameworks",
					"$(inherited)",
				);
				INFOPLIST_FILE = PointRunTests/Info.plist;
				LD_RUNPATH_SEARCH_PATHS = "$(inherited) @executable_path/Frameworks @loader_path/Frameworks";
				PRODUCT_NAME = "$(TARGET_NAME)";
				TEST_HOST = "$(BUILT_PRODUCTS_DIR)/PointRun.app/PointRun";
			};
			name = Release;
		};
/* End XCBuildConfiguration section */

/* Begin XCConfigurationList section */
		EB67508019A58DE4007D8EA1 /* Build configuration list for PBXProject "PointRun" */ = {
			isa = XCConfigurationList;
			buildConfigurations = (
				EB67509F19A58DE4007D8EA1 /* Debug */,
				EB6750A019A58DE4007D8EA1 /* Release */,
			);
			defaultConfigurationIsVisible = 0;
			defaultConfigurationName = Release;
		};
		EB6750A119A58DE4007D8EA1 /* Build configuration list for PBXNativeTarget "PointRun" */ = {
			isa = XCConfigurationList;
			buildConfigurations = (
				EB6750A219A58DE4007D8EA1 /* Debug */,
				EB6750A319A58DE4007D8EA1 /* Release */,
			);
			defaultConfigurationIsVisible = 0;
			defaultConfigurationName = Release;
		};
		EB6750A419A58DE4007D8EA1 /* Build configuration list for PBXNativeTarget "PointRunTests" */ = {
			isa = XCConfigurationList;
			buildConfigurations = (
				EB6750A519A58DE4007D8EA1 /* Debug */,
				EB6750A619A58DE4007D8EA1 /* Release */,
			);
			defaultConfigurationIsVisible = 0;
			defaultConfigurationName = Release;
		};
/* End XCConfigurationList section */
	};
	rootObject = EB67507D19A58DE4007D8EA1 /* Project object */;
}
